// !$*UTF8*$!
{
	archiveVersion = 1;
	classes = {
	};
	objectVersion = 46;
	objects = {

/* Begin PBXBuildFile section */
		D2088C6E1A8C90BF005B750F /* main.m in Sources */ = {isa = PBXBuildFile; fileRef = D2088C6D1A8C90BF005B750F /* main.m */; };
		D2088C8B1A8C90BF005B750F /* JapanTests.m in Sources */ = {isa = PBXBuildFile; fileRef = D2088C8A1A8C90BF005B750F /* JapanTests.m */; };
		D2088CAB1A8C90F6005B750F /* Images.xcassets in Resources */ = {isa = PBXBuildFile; fileRef = D2088CA81A8C90F6005B750F /* Images.xcassets */; };
		D2088CAC1A8C90F6005B750F /* LaunchScreen.xib in Resources */ = {isa = PBXBuildFile; fileRef = D2088CA91A8C90F6005B750F /* LaunchScreen.xib */; };
		D2088CAD1A8C90F6005B750F /* Main.storyboard in Resources */ = {isa = PBXBuildFile; fileRef = D2088CAA1A8C90F6005B750F /* Main.storyboard */; };
		D2088CB01A8C913F005B750F /* MainviewController.m in Sources */ = {isa = PBXBuildFile; fileRef = D2088CAF1A8C913F005B750F /* MainviewController.m */; };
		D2088CB41A8C92BA005B750F /* AppDelegate.m in Sources */ = {isa = PBXBuildFile; fileRef = D2088CB31A8C92BA005B750F /* AppDelegate.m */; };
		D2088CC51A8C973F005B750F /* URLService.m in Sources */ = {isa = PBXBuildFile; fileRef = D2088CC41A8C973F005B750F /* URLService.m */; };
		D2088CDE1A8C98DD005B750F /* NSData+Extension.m in Sources */ = {isa = PBXBuildFile; fileRef = D2088CC71A8C98DD005B750F /* NSData+Extension.m */; };
		D2088CDF1A8C98DD005B750F /* NSDate+LBExtension.m in Sources */ = {isa = PBXBuildFile; fileRef = D2088CC91A8C98DD005B750F /* NSDate+LBExtension.m */; };
		D2088CE01A8C98DD005B750F /* NSMutableURLRequest+MultiPartFormData.m in Sources */ = {isa = PBXBuildFile; fileRef = D2088CCB1A8C98DD005B750F /* NSMutableURLRequest+MultiPartFormData.m */; };
		D2088CE11A8C98DD005B750F /* NSObject+Extension.m in Sources */ = {isa = PBXBuildFile; fileRef = D2088CCD1A8C98DD005B750F /* NSObject+Extension.m */; };
		D2088CE21A8C98DD005B750F /* NSString+Extension.m in Sources */ = {isa = PBXBuildFile; fileRef = D2088CCF1A8C98DD005B750F /* NSString+Extension.m */; };
		D2088CE31A8C98DD005B750F /* NSString+Helper.m in Sources */ = {isa = PBXBuildFile; fileRef = D2088CD11A8C98DD005B750F /* NSString+Helper.m */; };
		D2088CE41A8C98DD005B750F /* UIBarButtonItem+Create.m in Sources */ = {isa = PBXBuildFile; fileRef = D2088CD31A8C98DD005B750F /* UIBarButtonItem+Create.m */; };
		D2088CE61A8C98DD005B750F /* UIImage+image.m in Sources */ = {isa = PBXBuildFile; fileRef = D2088CD71A8C98DD005B750F /* UIImage+image.m */; };
		D2088CE71A8C98DD005B750F /* UILabel+Extension.m in Sources */ = {isa = PBXBuildFile; fileRef = D2088CD91A8C98DD005B750F /* UILabel+Extension.m */; };
		D2088CE81A8C98DD005B750F /* UIView+Extension.m in Sources */ = {isa = PBXBuildFile; fileRef = D2088CDB1A8C98DD005B750F /* UIView+Extension.m */; };
		D2088CE91A8C98DD005B750F /* UIView+Frame.m in Sources */ = {isa = PBXBuildFile; fileRef = D2088CDD1A8C98DD005B750F /* UIView+Frame.m */; };
		D2088CEC1A8CA167005B750F /* LBUpView.m in Sources */ = {isa = PBXBuildFile; fileRef = D2088CEB1A8CA167005B750F /* LBUpView.m */; };
		D2088CEF1A8CA186005B750F /* LBDownView.m in Sources */ = {isa = PBXBuildFile; fileRef = D2088CEE1A8CA186005B750F /* LBDownView.m */; };
		D2088CF51A8CA233005B750F /* LBCommonButtom.m in Sources */ = {isa = PBXBuildFile; fileRef = D2088CF41A8CA233005B750F /* LBCommonButtom.m */; };
		D2088D981A8CA5D4005B750F /* AFHTTPRequestOperation.m in Sources */ = {isa = PBXBuildFile; fileRef = D2088CFB1A8CA5D4005B750F /* AFHTTPRequestOperation.m */; };
		D2088D991A8CA5D4005B750F /* AFHTTPRequestOperationManager.m in Sources */ = {isa = PBXBuildFile; fileRef = D2088CFD1A8CA5D4005B750F /* AFHTTPRequestOperationManager.m */; };
		D2088D9A1A8CA5D4005B750F /* AFHTTPSessionManager.m in Sources */ = {isa = PBXBuildFile; fileRef = D2088CFF1A8CA5D4005B750F /* AFHTTPSessionManager.m */; };
		D2088D9B1A8CA5D4005B750F /* AFNetworkReachabilityManager.m in Sources */ = {isa = PBXBuildFile; fileRef = D2088D021A8CA5D4005B750F /* AFNetworkReachabilityManager.m */; };
		D2088D9C1A8CA5D4005B750F /* AFSecurityPolicy.m in Sources */ = {isa = PBXBuildFile; fileRef = D2088D041A8CA5D4005B750F /* AFSecurityPolicy.m */; };
		D2088D9D1A8CA5D4005B750F /* AFURLConnectionOperation.m in Sources */ = {isa = PBXBuildFile; fileRef = D2088D061A8CA5D4005B750F /* AFURLConnectionOperation.m */; };
		D2088D9E1A8CA5D4005B750F /* AFURLRequestSerialization.m in Sources */ = {isa = PBXBuildFile; fileRef = D2088D081A8CA5D4005B750F /* AFURLRequestSerialization.m */; };
		D2088D9F1A8CA5D4005B750F /* AFURLResponseSerialization.m in Sources */ = {isa = PBXBuildFile; fileRef = D2088D0A1A8CA5D4005B750F /* AFURLResponseSerialization.m */; };
		D2088DA01A8CA5D4005B750F /* AFURLSessionManager.m in Sources */ = {isa = PBXBuildFile; fileRef = D2088D0C1A8CA5D4005B750F /* AFURLSessionManager.m */; };
		D2088DA11A8CA5D4005B750F /* NSData+Extension.m in Sources */ = {isa = PBXBuildFile; fileRef = D2088D0F1A8CA5D4005B750F /* NSData+Extension.m */; };
		D2088DA21A8CA5D4005B750F /* NSDate+LBExtension.m in Sources */ = {isa = PBXBuildFile; fileRef = D2088D111A8CA5D4005B750F /* NSDate+LBExtension.m */; };
		D2088DA31A8CA5D4005B750F /* NSMutableURLRequest+MultiPartFormData.m in Sources */ = {isa = PBXBuildFile; fileRef = D2088D131A8CA5D4005B750F /* NSMutableURLRequest+MultiPartFormData.m */; };
		D2088DA41A8CA5D4005B750F /* NSObject+Extension.m in Sources */ = {isa = PBXBuildFile; fileRef = D2088D151A8CA5D4005B750F /* NSObject+Extension.m */; };
		D2088DA51A8CA5D4005B750F /* NSString+Extension.m in Sources */ = {isa = PBXBuildFile; fileRef = D2088D171A8CA5D4005B750F /* NSString+Extension.m */; };
		D2088DA61A8CA5D4005B750F /* NSString+Helper.m in Sources */ = {isa = PBXBuildFile; fileRef = D2088D191A8CA5D4005B750F /* NSString+Helper.m */; };
		D2088DA71A8CA5D4005B750F /* UIBarButtonItem+Create.m in Sources */ = {isa = PBXBuildFile; fileRef = D2088D1B1A8CA5D4005B750F /* UIBarButtonItem+Create.m */; };
		D2088DA81A8CA5D4005B750F /* UIButton+Extension.m in Sources */ = {isa = PBXBuildFile; fileRef = D2088D1D1A8CA5D4005B750F /* UIButton+Extension.m */; };
		D2088DA91A8CA5D4005B750F /* UIImage+image.m in Sources */ = {isa = PBXBuildFile; fileRef = D2088D1F1A8CA5D4005B750F /* UIImage+image.m */; };
		D2088DAA1A8CA5D4005B750F /* UILabel+Extension.m in Sources */ = {isa = PBXBuildFile; fileRef = D2088D211A8CA5D4005B750F /* UILabel+Extension.m */; };
		D2088DAB1A8CA5D4005B750F /* UIView+Extension.m in Sources */ = {isa = PBXBuildFile; fileRef = D2088D231A8CA5D4005B750F /* UIView+Extension.m */; };
		D2088DAC1A8CA5D4005B750F /* UIView+Frame.m in Sources */ = {isa = PBXBuildFile; fileRef = D2088D251A8CA5D4005B750F /* UIView+Frame.m */; };
		D2088DAD1A8CA5D4005B750F /* IQNSArray+Sort.m in Sources */ = {isa = PBXBuildFile; fileRef = D2088D291A8CA5D4005B750F /* IQNSArray+Sort.m */; };
		D2088DAE1A8CA5D4005B750F /* IQUIView+Hierarchy.m in Sources */ = {isa = PBXBuildFile; fileRef = D2088D2B1A8CA5D4005B750F /* IQUIView+Hierarchy.m */; };
		D2088DAF1A8CA5D4005B750F /* IQUIWindow+Hierarchy.m in Sources */ = {isa = PBXBuildFile; fileRef = D2088D2D1A8CA5D4005B750F /* IQUIWindow+Hierarchy.m */; };
		D2088DB01A8CA5D4005B750F /* IQKeyboardManager.m in Sources */ = {isa = PBXBuildFile; fileRef = D2088D321A8CA5D4005B750F /* IQKeyboardManager.m */; };
		D2088DB11A8CA5D4005B750F /* IQKeyboardReturnKeyHandler.m in Sources */ = {isa = PBXBuildFile; fileRef = D2088D341A8CA5D4005B750F /* IQKeyboardReturnKeyHandler.m */; };
		D2088DB21A8CA5D4005B750F /* IQSegmentedNextPrevious.m in Sources */ = {isa = PBXBuildFile; fileRef = D2088D371A8CA5D4005B750F /* IQSegmentedNextPrevious.m */; };
		D2088DB31A8CA5D4005B750F /* IQTextView.m in Sources */ = {isa = PBXBuildFile; fileRef = D2088D3A1A8CA5D4005B750F /* IQTextView.m */; };
		D2088DB41A8CA5D4005B750F /* IQBarButtonItem.m in Sources */ = {isa = PBXBuildFile; fileRef = D2088D3D1A8CA5D4005B750F /* IQBarButtonItem.m */; };
		D2088DB51A8CA5D4005B750F /* IQTitleBarButtonItem.m in Sources */ = {isa = PBXBuildFile; fileRef = D2088D3F1A8CA5D4005B750F /* IQTitleBarButtonItem.m */; };
		D2088DB61A8CA5D4005B750F /* IQToolbar.m in Sources */ = {isa = PBXBuildFile; fileRef = D2088D411A8CA5D4005B750F /* IQToolbar.m */; };
		D2088DB71A8CA5D4005B750F /* IQUIView+IQKeyboardToolbar.m in Sources */ = {isa = PBXBuildFile; fileRef = D2088D431A8CA5D4005B750F /* IQUIView+IQKeyboardToolbar.m */; };
		D2088DB81A8CA5D4005B750F /* IQKeyboardManager.bundle in Resources */ = {isa = PBXBuildFile; fileRef = D2088D461A8CA5D4005B750F /* IQKeyboardManager.bundle */; };
		D2088DB91A8CA5D4005B750F /* MBProgressHUD+MJ.m in Sources */ = {isa = PBXBuildFile; fileRef = D2088D491A8CA5D4005B750F /* MBProgressHUD+MJ.m */; };
		D2088DBA1A8CA5D4005B750F /* MBProgressHUD.bundle in Resources */ = {isa = PBXBuildFile; fileRef = D2088D4A1A8CA5D4005B750F /* MBProgressHUD.bundle */; };
		D2088DBB1A8CA5D4005B750F /* MBProgressHUD.m in Sources */ = {isa = PBXBuildFile; fileRef = D2088D4C1A8CA5D4005B750F /* MBProgressHUD.m */; };
		D2088DBC1A8CA5D4005B750F /* MJArgument.m in Sources */ = {isa = PBXBuildFile; fileRef = D2088D4F1A8CA5D4005B750F /* MJArgument.m */; };
		D2088DBD1A8CA5D4005B750F /* MJConst.m in Sources */ = {isa = PBXBuildFile; fileRef = D2088D511A8CA5D4005B750F /* MJConst.m */; };
		D2088DBE1A8CA5D4005B750F /* MJFoundation.m in Sources */ = {isa = PBXBuildFile; fileRef = D2088D541A8CA5D4005B750F /* MJFoundation.m */; };
		D2088DBF1A8CA5D4005B750F /* MJIvar.m in Sources */ = {isa = PBXBuildFile; fileRef = D2088D561A8CA5D4005B750F /* MJIvar.m */; };
		D2088DC01A8CA5D4005B750F /* MJMember.m in Sources */ = {isa = PBXBuildFile; fileRef = D2088D581A8CA5D4005B750F /* MJMember.m */; };
		D2088DC11A8CA5D4005B750F /* MJMethod.m in Sources */ = {isa = PBXBuildFile; fileRef = D2088D5A1A8CA5D4005B750F /* MJMethod.m */; };
		D2088DC21A8CA5D4005B750F /* MJType.m in Sources */ = {isa = PBXBuildFile; fileRef = D2088D5C1A8CA5D4005B750F /* MJType.m */; };
		D2088DC31A8CA5D4005B750F /* MJTypeEncoding.m in Sources */ = {isa = PBXBuildFile; fileRef = D2088D5E1A8CA5D4005B750F /* MJTypeEncoding.m */; };
		D2088DC41A8CA5D4005B750F /* NSObject+MJCoding.m in Sources */ = {isa = PBXBuildFile; fileRef = D2088D601A8CA5D4005B750F /* NSObject+MJCoding.m */; };
		D2088DC51A8CA5D4005B750F /* NSObject+MJKeyValue.m in Sources */ = {isa = PBXBuildFile; fileRef = D2088D621A8CA5D4005B750F /* NSObject+MJKeyValue.m */; };
		D2088DC61A8CA5D4005B750F /* NSObject+MJMember.m in Sources */ = {isa = PBXBuildFile; fileRef = D2088D641A8CA5D4005B750F /* NSObject+MJMember.m */; };
		D2088DC71A8CA5D4005B750F /* MJRefresh.bundle in Resources */ = {isa = PBXBuildFile; fileRef = D2088D661A8CA5D4005B750F /* MJRefresh.bundle */; };
		D2088DC81A8CA5D4005B750F /* MJRefreshBaseView.m in Sources */ = {isa = PBXBuildFile; fileRef = D2088D691A8CA5D4005B750F /* MJRefreshBaseView.m */; };
		D2088DC91A8CA5D4005B750F /* MJRefreshConst.m in Sources */ = {isa = PBXBuildFile; fileRef = D2088D6B1A8CA5D4005B750F /* MJRefreshConst.m */; };
		D2088DCA1A8CA5D4005B750F /* MJRefreshFooterView.m in Sources */ = {isa = PBXBuildFile; fileRef = D2088D6D1A8CA5D4005B750F /* MJRefreshFooterView.m */; };
		D2088DCB1A8CA5D4005B750F /* MJRefreshHeaderView.m in Sources */ = {isa = PBXBuildFile; fileRef = D2088D6F1A8CA5D4005B750F /* MJRefreshHeaderView.m */; };
		D2088DCC1A8CA5D4005B750F /* UIScrollView+MJExtension.m in Sources */ = {isa = PBXBuildFile; fileRef = D2088D711A8CA5D4005B750F /* UIScrollView+MJExtension.m */; };
		D2088DCD1A8CA5D4005B750F /* UIScrollView+MJRefresh.m in Sources */ = {isa = PBXBuildFile; fileRef = D2088D731A8CA5D4005B750F /* UIScrollView+MJRefresh.m */; };
		D2088DCE1A8CA5D4005B750F /* UIView+MJExtension.m in Sources */ = {isa = PBXBuildFile; fileRef = D2088D751A8CA5D4005B750F /* UIView+MJExtension.m */; };
		D2088DCF1A8CA5D4005B750F /* MKAnnotationView+WebCache.m in Sources */ = {isa = PBXBuildFile; fileRef = D2088D781A8CA5D4005B750F /* MKAnnotationView+WebCache.m */; };
		D2088DD01A8CA5D4005B750F /* NSData+ImageContentType.m in Sources */ = {isa = PBXBuildFile; fileRef = D2088D7A1A8CA5D4005B750F /* NSData+ImageContentType.m */; };
		D2088DD11A8CA5D4005B750F /* SDImageCache.m in Sources */ = {isa = PBXBuildFile; fileRef = D2088D7C1A8CA5D4005B750F /* SDImageCache.m */; };
		D2088DD21A8CA5D4005B750F /* SDWebImageCompat.m in Sources */ = {isa = PBXBuildFile; fileRef = D2088D7E1A8CA5D4005B750F /* SDWebImageCompat.m */; };
		D2088DD31A8CA5D4005B750F /* SDWebImageDecoder.m in Sources */ = {isa = PBXBuildFile; fileRef = D2088D801A8CA5D4005B750F /* SDWebImageDecoder.m */; };
		D2088DD41A8CA5D4005B750F /* SDWebImageDownloader.m in Sources */ = {isa = PBXBuildFile; fileRef = D2088D821A8CA5D4005B750F /* SDWebImageDownloader.m */; };
		D2088DD51A8CA5D4005B750F /* SDWebImageDownloaderOperation.m in Sources */ = {isa = PBXBuildFile; fileRef = D2088D841A8CA5D4005B750F /* SDWebImageDownloaderOperation.m */; };
		D2088DD61A8CA5D4005B750F /* SDWebImageManager.m in Sources */ = {isa = PBXBuildFile; fileRef = D2088D861A8CA5D4005B750F /* SDWebImageManager.m */; };
		D2088DD71A8CA5D4005B750F /* SDWebImagePrefetcher.m in Sources */ = {isa = PBXBuildFile; fileRef = D2088D891A8CA5D4005B750F /* SDWebImagePrefetcher.m */; };
		D2088DD81A8CA5D4005B750F /* UIButton+WebCache.m in Sources */ = {isa = PBXBuildFile; fileRef = D2088D8B1A8CA5D4005B750F /* UIButton+WebCache.m */; };
		D2088DD91A8CA5D4005B750F /* UIImage+GIF.m in Sources */ = {isa = PBXBuildFile; fileRef = D2088D8D1A8CA5D4005B750F /* UIImage+GIF.m */; };
		D2088DDA1A8CA5D4005B750F /* UIImage+MultiFormat.m in Sources */ = {isa = PBXBuildFile; fileRef = D2088D8F1A8CA5D4005B750F /* UIImage+MultiFormat.m */; };
		D2088DDB1A8CA5D4005B750F /* UIImage+WebP.m in Sources */ = {isa = PBXBuildFile; fileRef = D2088D911A8CA5D4005B750F /* UIImage+WebP.m */; };
		D2088DDC1A8CA5D4005B750F /* UIImageView+HighlightedWebCache.m in Sources */ = {isa = PBXBuildFile; fileRef = D2088D931A8CA5D4005B750F /* UIImageView+HighlightedWebCache.m */; };
		D2088DDD1A8CA5D4005B750F /* UIImageView+WebCache.m in Sources */ = {isa = PBXBuildFile; fileRef = D2088D951A8CA5D4005B750F /* UIImageView+WebCache.m */; };
		D2088DDE1A8CA5D4005B750F /* UIView+WebCacheOperation.m in Sources */ = {isa = PBXBuildFile; fileRef = D2088D971A8CA5D4005B750F /* UIView+WebCacheOperation.m */; };
/* End PBXBuildFile section */

/* Begin PBXContainerItemProxy section */
		D2088C851A8C90BF005B750F /* PBXContainerItemProxy */ = {
			isa = PBXContainerItemProxy;
			containerPortal = D2088C601A8C90BF005B750F /* Project object */;
			proxyType = 1;
			remoteGlobalIDString = D2088C671A8C90BF005B750F;
			remoteInfo = Japan;
		};
/* End PBXContainerItemProxy section */

/* Begin PBXFileReference section */
		D2088C681A8C90BF005B750F /* Japan.app */ = {isa = PBXFileReference; explicitFileType = wrapper.application; includeInIndex = 0; path = Japan.app; sourceTree = BUILT_PRODUCTS_DIR; };
		D2088C6C1A8C90BF005B750F /* Info.plist */ = {isa = PBXFileReference; lastKnownFileType = text.plist.xml; path = Info.plist; sourceTree = "<group>"; };
		D2088C6D1A8C90BF005B750F /* main.m */ = {isa = PBXFileReference; lastKnownFileType = sourcecode.c.objc; path = main.m; sourceTree = "<group>"; };
		D2088C841A8C90BF005B750F /* JapanTests.xctest */ = {isa = PBXFileReference; explicitFileType = wrapper.cfbundle; includeInIndex = 0; path = JapanTests.xctest; sourceTree = BUILT_PRODUCTS_DIR; };
		D2088C891A8C90BF005B750F /* Info.plist */ = {isa = PBXFileReference; lastKnownFileType = text.plist.xml; path = Info.plist; sourceTree = "<group>"; };
		D2088C8A1A8C90BF005B750F /* JapanTests.m */ = {isa = PBXFileReference; lastKnownFileType = sourcecode.c.objc; path = JapanTests.m; sourceTree = "<group>"; };
		D2088CA81A8C90F6005B750F /* Images.xcassets */ = {isa = PBXFileReference; lastKnownFileType = folder.assetcatalog; path = Images.xcassets; sourceTree = "<group>"; };
		D2088CA91A8C90F6005B750F /* LaunchScreen.xib */ = {isa = PBXFileReference; fileEncoding = 4; lastKnownFileType = file.xib; path = LaunchScreen.xib; sourceTree = "<group>"; };
		D2088CAA1A8C90F6005B750F /* Main.storyboard */ = {isa = PBXFileReference; fileEncoding = 4; lastKnownFileType = file.storyboard; path = Main.storyboard; sourceTree = "<group>"; };
		D2088CAE1A8C913F005B750F /* MainviewController.h */ = {isa = PBXFileReference; fileEncoding = 4; lastKnownFileType = sourcecode.c.h; path = MainviewController.h; sourceTree = "<group>"; };
		D2088CAF1A8C913F005B750F /* MainviewController.m */ = {isa = PBXFileReference; fileEncoding = 4; lastKnownFileType = sourcecode.c.objc; path = MainviewController.m; sourceTree = "<group>"; };
		D2088CB21A8C92BA005B750F /* AppDelegate.h */ = {isa = PBXFileReference; fileEncoding = 4; lastKnownFileType = sourcecode.c.h; path = AppDelegate.h; sourceTree = "<group>"; };
		D2088CB31A8C92BA005B750F /* AppDelegate.m */ = {isa = PBXFileReference; fileEncoding = 4; lastKnownFileType = sourcecode.c.objc; path = AppDelegate.m; sourceTree = "<group>"; };
		D2088CC11A8C973F005B750F /* common.h */ = {isa = PBXFileReference; fileEncoding = 4; lastKnownFileType = sourcecode.c.h; path = common.h; sourceTree = "<group>"; };
		D2088CC21A8C973F005B750F /* Japan.pch */ = {isa = PBXFileReference; fileEncoding = 4; lastKnownFileType = sourcecode.c.h; path = Japan.pch; sourceTree = "<group>"; };
		D2088CC31A8C973F005B750F /* URLService.h */ = {isa = PBXFileReference; fileEncoding = 4; lastKnownFileType = sourcecode.c.h; path = URLService.h; sourceTree = "<group>"; };
		D2088CC41A8C973F005B750F /* URLService.m */ = {isa = PBXFileReference; fileEncoding = 4; lastKnownFileType = sourcecode.c.objc; path = URLService.m; sourceTree = "<group>"; };
		D2088CC61A8C98DD005B750F /* NSData+Extension.h */ = {isa = PBXFileReference; fileEncoding = 4; lastKnownFileType = sourcecode.c.h; path = "NSData+Extension.h"; sourceTree = "<group>"; };
		D2088CC71A8C98DD005B750F /* NSData+Extension.m */ = {isa = PBXFileReference; fileEncoding = 4; lastKnownFileType = sourcecode.c.objc; path = "NSData+Extension.m"; sourceTree = "<group>"; };
		D2088CC81A8C98DD005B750F /* NSDate+LBExtension.h */ = {isa = PBXFileReference; fileEncoding = 4; lastKnownFileType = sourcecode.c.h; path = "NSDate+LBExtension.h"; sourceTree = "<group>"; };
		D2088CC91A8C98DD005B750F /* NSDate+LBExtension.m */ = {isa = PBXFileReference; fileEncoding = 4; lastKnownFileType = sourcecode.c.objc; path = "NSDate+LBExtension.m"; sourceTree = "<group>"; };
		D2088CCA1A8C98DD005B750F /* NSMutableURLRequest+MultiPartFormData.h */ = {isa = PBXFileReference; fileEncoding = 4; lastKnownFileType = sourcecode.c.h; path = "NSMutableURLRequest+MultiPartFormData.h"; sourceTree = "<group>"; };
		D2088CCB1A8C98DD005B750F /* NSMutableURLRequest+MultiPartFormData.m */ = {isa = PBXFileReference; fileEncoding = 4; lastKnownFileType = sourcecode.c.objc; path = "NSMutableURLRequest+MultiPartFormData.m"; sourceTree = "<group>"; };
		D2088CCC1A8C98DD005B750F /* NSObject+Extension.h */ = {isa = PBXFileReference; fileEncoding = 4; lastKnownFileType = sourcecode.c.h; path = "NSObject+Extension.h"; sourceTree = "<group>"; };
		D2088CCD1A8C98DD005B750F /* NSObject+Extension.m */ = {isa = PBXFileReference; fileEncoding = 4; lastKnownFileType = sourcecode.c.objc; path = "NSObject+Extension.m"; sourceTree = "<group>"; };
		D2088CCE1A8C98DD005B750F /* NSString+Extension.h */ = {isa = PBXFileReference; fileEncoding = 4; lastKnownFileType = sourcecode.c.h; path = "NSString+Extension.h"; sourceTree = "<group>"; };
		D2088CCF1A8C98DD005B750F /* NSString+Extension.m */ = {isa = PBXFileReference; fileEncoding = 4; lastKnownFileType = sourcecode.c.objc; path = "NSString+Extension.m"; sourceTree = "<group>"; };
		D2088CD01A8C98DD005B750F /* NSString+Helper.h */ = {isa = PBXFileReference; fileEncoding = 4; lastKnownFileType = sourcecode.c.h; path = "NSString+Helper.h"; sourceTree = "<group>"; };
		D2088CD11A8C98DD005B750F /* NSString+Helper.m */ = {isa = PBXFileReference; fileEncoding = 4; lastKnownFileType = sourcecode.c.objc; path = "NSString+Helper.m"; sourceTree = "<group>"; };
		D2088CD21A8C98DD005B750F /* UIBarButtonItem+Create.h */ = {isa = PBXFileReference; fileEncoding = 4; lastKnownFileType = sourcecode.c.h; path = "UIBarButtonItem+Create.h"; sourceTree = "<group>"; };
		D2088CD31A8C98DD005B750F /* UIBarButtonItem+Create.m */ = {isa = PBXFileReference; fileEncoding = 4; lastKnownFileType = sourcecode.c.objc; path = "UIBarButtonItem+Create.m"; sourceTree = "<group>"; };
		D2088CD61A8C98DD005B750F /* UIImage+image.h */ = {isa = PBXFileReference; fileEncoding = 4; lastKnownFileType = sourcecode.c.h; path = "UIImage+image.h"; sourceTree = "<group>"; };
		D2088CD71A8C98DD005B750F /* UIImage+image.m */ = {isa = PBXFileReference; fileEncoding = 4; lastKnownFileType = sourcecode.c.objc; path = "UIImage+image.m"; sourceTree = "<group>"; };
		D2088CD81A8C98DD005B750F /* UILabel+Extension.h */ = {isa = PBXFileReference; fileEncoding = 4; lastKnownFileType = sourcecode.c.h; path = "UILabel+Extension.h"; sourceTree = "<group>"; };
		D2088CD91A8C98DD005B750F /* UILabel+Extension.m */ = {isa = PBXFileReference; fileEncoding = 4; lastKnownFileType = sourcecode.c.objc; path = "UILabel+Extension.m"; sourceTree = "<group>"; };
		D2088CDA1A8C98DD005B750F /* UIView+Extension.h */ = {isa = PBXFileReference; fileEncoding = 4; lastKnownFileType = sourcecode.c.h; path = "UIView+Extension.h"; sourceTree = "<group>"; };
		D2088CDB1A8C98DD005B750F /* UIView+Extension.m */ = {isa = PBXFileReference; fileEncoding = 4; lastKnownFileType = sourcecode.c.objc; path = "UIView+Extension.m"; sourceTree = "<group>"; };
		D2088CDC1A8C98DD005B750F /* UIView+Frame.h */ = {isa = PBXFileReference; fileEncoding = 4; lastKnownFileType = sourcecode.c.h; path = "UIView+Frame.h"; sourceTree = "<group>"; };
		D2088CDD1A8C98DD005B750F /* UIView+Frame.m */ = {isa = PBXFileReference; fileEncoding = 4; lastKnownFileType = sourcecode.c.objc; path = "UIView+Frame.m"; sourceTree = "<group>"; };
		D2088CEA1A8CA167005B750F /* LBUpView.h */ = {isa = PBXFileReference; fileEncoding = 4; lastKnownFileType = sourcecode.c.h; path = LBUpView.h; sourceTree = "<group>"; };
		D2088CEB1A8CA167005B750F /* LBUpView.m */ = {isa = PBXFileReference; fileEncoding = 4; lastKnownFileType = sourcecode.c.objc; path = LBUpView.m; sourceTree = "<group>"; };
		D2088CED1A8CA186005B750F /* LBDownView.h */ = {isa = PBXFileReference; fileEncoding = 4; lastKnownFileType = sourcecode.c.h; path = LBDownView.h; sourceTree = "<group>"; };
		D2088CEE1A8CA186005B750F /* LBDownView.m */ = {isa = PBXFileReference; fileEncoding = 4; lastKnownFileType = sourcecode.c.objc; path = LBDownView.m; sourceTree = "<group>"; };
		D2088CF31A8CA233005B750F /* LBCommonButtom.h */ = {isa = PBXFileReference; fileEncoding = 4; lastKnownFileType = sourcecode.c.h; path = LBCommonButtom.h; sourceTree = "<group>"; };
		D2088CF41A8CA233005B750F /* LBCommonButtom.m */ = {isa = PBXFileReference; fileEncoding = 4; lastKnownFileType = sourcecode.c.objc; path = LBCommonButtom.m; sourceTree = "<group>"; };
		D2088CFA1A8CA5D4005B750F /* AFHTTPRequestOperation.h */ = {isa = PBXFileReference; fileEncoding = 4; lastKnownFileType = sourcecode.c.h; path = AFHTTPRequestOperation.h; sourceTree = "<group>"; };
		D2088CFB1A8CA5D4005B750F /* AFHTTPRequestOperation.m */ = {isa = PBXFileReference; fileEncoding = 4; lastKnownFileType = sourcecode.c.objc; path = AFHTTPRequestOperation.m; sourceTree = "<group>"; };
		D2088CFC1A8CA5D4005B750F /* AFHTTPRequestOperationManager.h */ = {isa = PBXFileReference; fileEncoding = 4; lastKnownFileType = sourcecode.c.h; path = AFHTTPRequestOperationManager.h; sourceTree = "<group>"; };
		D2088CFD1A8CA5D4005B750F /* AFHTTPRequestOperationManager.m */ = {isa = PBXFileReference; fileEncoding = 4; lastKnownFileType = sourcecode.c.objc; path = AFHTTPRequestOperationManager.m; sourceTree = "<group>"; };
		D2088CFE1A8CA5D4005B750F /* AFHTTPSessionManager.h */ = {isa = PBXFileReference; fileEncoding = 4; lastKnownFileType = sourcecode.c.h; path = AFHTTPSessionManager.h; sourceTree = "<group>"; };
		D2088CFF1A8CA5D4005B750F /* AFHTTPSessionManager.m */ = {isa = PBXFileReference; fileEncoding = 4; lastKnownFileType = sourcecode.c.objc; path = AFHTTPSessionManager.m; sourceTree = "<group>"; };
		D2088D001A8CA5D4005B750F /* AFNetworking.h */ = {isa = PBXFileReference; fileEncoding = 4; lastKnownFileType = sourcecode.c.h; path = AFNetworking.h; sourceTree = "<group>"; };
		D2088D011A8CA5D4005B750F /* AFNetworkReachabilityManager.h */ = {isa = PBXFileReference; fileEncoding = 4; lastKnownFileType = sourcecode.c.h; path = AFNetworkReachabilityManager.h; sourceTree = "<group>"; };
		D2088D021A8CA5D4005B750F /* AFNetworkReachabilityManager.m */ = {isa = PBXFileReference; fileEncoding = 4; lastKnownFileType = sourcecode.c.objc; path = AFNetworkReachabilityManager.m; sourceTree = "<group>"; };
		D2088D031A8CA5D4005B750F /* AFSecurityPolicy.h */ = {isa = PBXFileReference; fileEncoding = 4; lastKnownFileType = sourcecode.c.h; path = AFSecurityPolicy.h; sourceTree = "<group>"; };
		D2088D041A8CA5D4005B750F /* AFSecurityPolicy.m */ = {isa = PBXFileReference; fileEncoding = 4; lastKnownFileType = sourcecode.c.objc; path = AFSecurityPolicy.m; sourceTree = "<group>"; };
		D2088D051A8CA5D4005B750F /* AFURLConnectionOperation.h */ = {isa = PBXFileReference; fileEncoding = 4; lastKnownFileType = sourcecode.c.h; path = AFURLConnectionOperation.h; sourceTree = "<group>"; };
		D2088D061A8CA5D4005B750F /* AFURLConnectionOperation.m */ = {isa = PBXFileReference; fileEncoding = 4; lastKnownFileType = sourcecode.c.objc; path = AFURLConnectionOperation.m; sourceTree = "<group>"; };
		D2088D071A8CA5D4005B750F /* AFURLRequestSerialization.h */ = {isa = PBXFileReference; fileEncoding = 4; lastKnownFileType = sourcecode.c.h; path = AFURLRequestSerialization.h; sourceTree = "<group>"; };
		D2088D081A8CA5D4005B750F /* AFURLRequestSerialization.m */ = {isa = PBXFileReference; fileEncoding = 4; lastKnownFileType = sourcecode.c.objc; path = AFURLRequestSerialization.m; sourceTree = "<group>"; };
		D2088D091A8CA5D4005B750F /* AFURLResponseSerialization.h */ = {isa = PBXFileReference; fileEncoding = 4; lastKnownFileType = sourcecode.c.h; path = AFURLResponseSerialization.h; sourceTree = "<group>"; };
		D2088D0A1A8CA5D4005B750F /* AFURLResponseSerialization.m */ = {isa = PBXFileReference; fileEncoding = 4; lastKnownFileType = sourcecode.c.objc; path = AFURLResponseSerialization.m; sourceTree = "<group>"; };
		D2088D0B1A8CA5D4005B750F /* AFURLSessionManager.h */ = {isa = PBXFileReference; fileEncoding = 4; lastKnownFileType = sourcecode.c.h; path = AFURLSessionManager.h; sourceTree = "<group>"; };
		D2088D0C1A8CA5D4005B750F /* AFURLSessionManager.m */ = {isa = PBXFileReference; fileEncoding = 4; lastKnownFileType = sourcecode.c.objc; path = AFURLSessionManager.m; sourceTree = "<group>"; };
		D2088D0E1A8CA5D4005B750F /* NSData+Extension.h */ = {isa = PBXFileReference; fileEncoding = 4; lastKnownFileType = sourcecode.c.h; path = "NSData+Extension.h"; sourceTree = "<group>"; };
		D2088D0F1A8CA5D4005B750F /* NSData+Extension.m */ = {isa = PBXFileReference; fileEncoding = 4; lastKnownFileType = sourcecode.c.objc; path = "NSData+Extension.m"; sourceTree = "<group>"; };
		D2088D101A8CA5D4005B750F /* NSDate+LBExtension.h */ = {isa = PBXFileReference; fileEncoding = 4; lastKnownFileType = sourcecode.c.h; path = "NSDate+LBExtension.h"; sourceTree = "<group>"; };
		D2088D111A8CA5D4005B750F /* NSDate+LBExtension.m */ = {isa = PBXFileReference; fileEncoding = 4; lastKnownFileType = sourcecode.c.objc; path = "NSDate+LBExtension.m"; sourceTree = "<group>"; };
		D2088D121A8CA5D4005B750F /* NSMutableURLRequest+MultiPartFormData.h */ = {isa = PBXFileReference; fileEncoding = 4; lastKnownFileType = sourcecode.c.h; path = "NSMutableURLRequest+MultiPartFormData.h"; sourceTree = "<group>"; };
		D2088D131A8CA5D4005B750F /* NSMutableURLRequest+MultiPartFormData.m */ = {isa = PBXFileReference; fileEncoding = 4; lastKnownFileType = sourcecode.c.objc; path = "NSMutableURLRequest+MultiPartFormData.m"; sourceTree = "<group>"; };
		D2088D141A8CA5D4005B750F /* NSObject+Extension.h */ = {isa = PBXFileReference; fileEncoding = 4; lastKnownFileType = sourcecode.c.h; path = "NSObject+Extension.h"; sourceTree = "<group>"; };
		D2088D151A8CA5D4005B750F /* NSObject+Extension.m */ = {isa = PBXFileReference; fileEncoding = 4; lastKnownFileType = sourcecode.c.objc; path = "NSObject+Extension.m"; sourceTree = "<group>"; };
		D2088D161A8CA5D4005B750F /* NSString+Extension.h */ = {isa = PBXFileReference; fileEncoding = 4; lastKnownFileType = sourcecode.c.h; path = "NSString+Extension.h"; sourceTree = "<group>"; };
		D2088D171A8CA5D4005B750F /* NSString+Extension.m */ = {isa = PBXFileReference; fileEncoding = 4; lastKnownFileType = sourcecode.c.objc; path = "NSString+Extension.m"; sourceTree = "<group>"; };
		D2088D181A8CA5D4005B750F /* NSString+Helper.h */ = {isa = PBXFileReference; fileEncoding = 4; lastKnownFileType = sourcecode.c.h; path = "NSString+Helper.h"; sourceTree = "<group>"; };
		D2088D191A8CA5D4005B750F /* NSString+Helper.m */ = {isa = PBXFileReference; fileEncoding = 4; lastKnownFileType = sourcecode.c.objc; path = "NSString+Helper.m"; sourceTree = "<group>"; };
		D2088D1A1A8CA5D4005B750F /* UIBarButtonItem+Create.h */ = {isa = PBXFileReference; fileEncoding = 4; lastKnownFileType = sourcecode.c.h; path = "UIBarButtonItem+Create.h"; sourceTree = "<group>"; };
		D2088D1B1A8CA5D4005B750F /* UIBarButtonItem+Create.m */ = {isa = PBXFileReference; fileEncoding = 4; lastKnownFileType = sourcecode.c.objc; path = "UIBarButtonItem+Create.m"; sourceTree = "<group>"; };
		D2088D1C1A8CA5D4005B750F /* UIButton+Extension.h */ = {isa = PBXFileReference; fileEncoding = 4; lastKnownFileType = sourcecode.c.h; path = "UIButton+Extension.h"; sourceTree = "<group>"; };
		D2088D1D1A8CA5D4005B750F /* UIButton+Extension.m */ = {isa = PBXFileReference; fileEncoding = 4; lastKnownFileType = sourcecode.c.objc; path = "UIButton+Extension.m"; sourceTree = "<group>"; };
		D2088D1E1A8CA5D4005B750F /* UIImage+image.h */ = {isa = PBXFileReference; fileEncoding = 4; lastKnownFileType = sourcecode.c.h; path = "UIImage+image.h"; sourceTree = "<group>"; };
		D2088D1F1A8CA5D4005B750F /* UIImage+image.m */ = {isa = PBXFileReference; fileEncoding = 4; lastKnownFileType = sourcecode.c.objc; path = "UIImage+image.m"; sourceTree = "<group>"; };
		D2088D201A8CA5D4005B750F /* UILabel+Extension.h */ = {isa = PBXFileReference; fileEncoding = 4; lastKnownFileType = sourcecode.c.h; path = "UILabel+Extension.h"; sourceTree = "<group>"; };
		D2088D211A8CA5D4005B750F /* UILabel+Extension.m */ = {isa = PBXFileReference; fileEncoding = 4; lastKnownFileType = sourcecode.c.objc; path = "UILabel+Extension.m"; sourceTree = "<group>"; };
		D2088D221A8CA5D4005B750F /* UIView+Extension.h */ = {isa = PBXFileReference; fileEncoding = 4; lastKnownFileType = sourcecode.c.h; path = "UIView+Extension.h"; sourceTree = "<group>"; };
		D2088D231A8CA5D4005B750F /* UIView+Extension.m */ = {isa = PBXFileReference; fileEncoding = 4; lastKnownFileType = sourcecode.c.objc; path = "UIView+Extension.m"; sourceTree = "<group>"; };
		D2088D241A8CA5D4005B750F /* UIView+Frame.h */ = {isa = PBXFileReference; fileEncoding = 4; lastKnownFileType = sourcecode.c.h; path = "UIView+Frame.h"; sourceTree = "<group>"; };
		D2088D251A8CA5D4005B750F /* UIView+Frame.m */ = {isa = PBXFileReference; fileEncoding = 4; lastKnownFileType = sourcecode.c.objc; path = "UIView+Frame.m"; sourceTree = "<group>"; };
		D2088D281A8CA5D4005B750F /* IQNSArray+Sort.h */ = {isa = PBXFileReference; fileEncoding = 4; lastKnownFileType = sourcecode.c.h; path = "IQNSArray+Sort.h"; sourceTree = "<group>"; };
		D2088D291A8CA5D4005B750F /* IQNSArray+Sort.m */ = {isa = PBXFileReference; fileEncoding = 4; lastKnownFileType = sourcecode.c.objc; path = "IQNSArray+Sort.m"; sourceTree = "<group>"; };
		D2088D2A1A8CA5D4005B750F /* IQUIView+Hierarchy.h */ = {isa = PBXFileReference; fileEncoding = 4; lastKnownFileType = sourcecode.c.h; path = "IQUIView+Hierarchy.h"; sourceTree = "<group>"; };
		D2088D2B1A8CA5D4005B750F /* IQUIView+Hierarchy.m */ = {isa = PBXFileReference; fileEncoding = 4; lastKnownFileType = sourcecode.c.objc; path = "IQUIView+Hierarchy.m"; sourceTree = "<group>"; };
		D2088D2C1A8CA5D4005B750F /* IQUIWindow+Hierarchy.h */ = {isa = PBXFileReference; fileEncoding = 4; lastKnownFileType = sourcecode.c.h; path = "IQUIWindow+Hierarchy.h"; sourceTree = "<group>"; };
		D2088D2D1A8CA5D4005B750F /* IQUIWindow+Hierarchy.m */ = {isa = PBXFileReference; fileEncoding = 4; lastKnownFileType = sourcecode.c.objc; path = "IQUIWindow+Hierarchy.m"; sourceTree = "<group>"; };
		D2088D2F1A8CA5D4005B750F /* IQKeyboardManagerConstants.h */ = {isa = PBXFileReference; fileEncoding = 4; lastKnownFileType = sourcecode.c.h; path = IQKeyboardManagerConstants.h; sourceTree = "<group>"; };
		D2088D301A8CA5D4005B750F /* IQKeyboardManagerConstantsInternal.h */ = {isa = PBXFileReference; fileEncoding = 4; lastKnownFileType = sourcecode.c.h; path = IQKeyboardManagerConstantsInternal.h; sourceTree = "<group>"; };
		D2088D311A8CA5D4005B750F /* IQKeyboardManager.h */ = {isa = PBXFileReference; fileEncoding = 4; lastKnownFileType = sourcecode.c.h; path = IQKeyboardManager.h; sourceTree = "<group>"; };
		D2088D321A8CA5D4005B750F /* IQKeyboardManager.m */ = {isa = PBXFileReference; fileEncoding = 4; lastKnownFileType = sourcecode.c.objc; path = IQKeyboardManager.m; sourceTree = "<group>"; };
		D2088D331A8CA5D4005B750F /* IQKeyboardReturnKeyHandler.h */ = {isa = PBXFileReference; fileEncoding = 4; lastKnownFileType = sourcecode.c.h; path = IQKeyboardReturnKeyHandler.h; sourceTree = "<group>"; };
		D2088D341A8CA5D4005B750F /* IQKeyboardReturnKeyHandler.m */ = {isa = PBXFileReference; fileEncoding = 4; lastKnownFileType = sourcecode.c.objc; path = IQKeyboardReturnKeyHandler.m; sourceTree = "<group>"; };
		D2088D361A8CA5D4005B750F /* IQSegmentedNextPrevious.h */ = {isa = PBXFileReference; fileEncoding = 4; lastKnownFileType = sourcecode.c.h; path = IQSegmentedNextPrevious.h; sourceTree = "<group>"; };
		D2088D371A8CA5D4005B750F /* IQSegmentedNextPrevious.m */ = {isa = PBXFileReference; fileEncoding = 4; lastKnownFileType = sourcecode.c.objc; path = IQSegmentedNextPrevious.m; sourceTree = "<group>"; };
		D2088D391A8CA5D4005B750F /* IQTextView.h */ = {isa = PBXFileReference; fileEncoding = 4; lastKnownFileType = sourcecode.c.h; path = IQTextView.h; sourceTree = "<group>"; };
		D2088D3A1A8CA5D4005B750F /* IQTextView.m */ = {isa = PBXFileReference; fileEncoding = 4; lastKnownFileType = sourcecode.c.objc; path = IQTextView.m; sourceTree = "<group>"; };
		D2088D3C1A8CA5D4005B750F /* IQBarButtonItem.h */ = {isa = PBXFileReference; fileEncoding = 4; lastKnownFileType = sourcecode.c.h; path = IQBarButtonItem.h; sourceTree = "<group>"; };
		D2088D3D1A8CA5D4005B750F /* IQBarButtonItem.m */ = {isa = PBXFileReference; fileEncoding = 4; lastKnownFileType = sourcecode.c.objc; path = IQBarButtonItem.m; sourceTree = "<group>"; };
		D2088D3E1A8CA5D4005B750F /* IQTitleBarButtonItem.h */ = {isa = PBXFileReference; fileEncoding = 4; lastKnownFileType = sourcecode.c.h; path = IQTitleBarButtonItem.h; sourceTree = "<group>"; };
		D2088D3F1A8CA5D4005B750F /* IQTitleBarButtonItem.m */ = {isa = PBXFileReference; fileEncoding = 4; lastKnownFileType = sourcecode.c.objc; path = IQTitleBarButtonItem.m; sourceTree = "<group>"; };
		D2088D401A8CA5D4005B750F /* IQToolbar.h */ = {isa = PBXFileReference; fileEncoding = 4; lastKnownFileType = sourcecode.c.h; path = IQToolbar.h; sourceTree = "<group>"; };
		D2088D411A8CA5D4005B750F /* IQToolbar.m */ = {isa = PBXFileReference; fileEncoding = 4; lastKnownFileType = sourcecode.c.objc; path = IQToolbar.m; sourceTree = "<group>"; };
		D2088D421A8CA5D4005B750F /* IQUIView+IQKeyboardToolbar.h */ = {isa = PBXFileReference; fileEncoding = 4; lastKnownFileType = sourcecode.c.h; path = "IQUIView+IQKeyboardToolbar.h"; sourceTree = "<group>"; };
		D2088D431A8CA5D4005B750F /* IQUIView+IQKeyboardToolbar.m */ = {isa = PBXFileReference; fileEncoding = 4; lastKnownFileType = sourcecode.c.objc; path = "IQUIView+IQKeyboardToolbar.m"; sourceTree = "<group>"; };
		D2088D441A8CA5D4005B750F /* KeyboardManager.h */ = {isa = PBXFileReference; fileEncoding = 4; lastKnownFileType = sourcecode.c.h; path = KeyboardManager.h; sourceTree = "<group>"; };
		D2088D461A8CA5D4005B750F /* IQKeyboardManager.bundle */ = {isa = PBXFileReference; lastKnownFileType = "wrapper.plug-in"; path = IQKeyboardManager.bundle; sourceTree = "<group>"; };
		D2088D481A8CA5D4005B750F /* MBProgressHUD+MJ.h */ = {isa = PBXFileReference; fileEncoding = 4; lastKnownFileType = sourcecode.c.h; path = "MBProgressHUD+MJ.h"; sourceTree = "<group>"; };
		D2088D491A8CA5D4005B750F /* MBProgressHUD+MJ.m */ = {isa = PBXFileReference; fileEncoding = 4; lastKnownFileType = sourcecode.c.objc; path = "MBProgressHUD+MJ.m"; sourceTree = "<group>"; };
		D2088D4A1A8CA5D4005B750F /* MBProgressHUD.bundle */ = {isa = PBXFileReference; lastKnownFileType = "wrapper.plug-in"; path = MBProgressHUD.bundle; sourceTree = "<group>"; };
		D2088D4B1A8CA5D4005B750F /* MBProgressHUD.h */ = {isa = PBXFileReference; fileEncoding = 4; lastKnownFileType = sourcecode.c.h; path = MBProgressHUD.h; sourceTree = "<group>"; };
		D2088D4C1A8CA5D4005B750F /* MBProgressHUD.m */ = {isa = PBXFileReference; fileEncoding = 4; lastKnownFileType = sourcecode.c.objc; path = MBProgressHUD.m; sourceTree = "<group>"; };
		D2088D4E1A8CA5D4005B750F /* MJArgument.h */ = {isa = PBXFileReference; fileEncoding = 4; lastKnownFileType = sourcecode.c.h; path = MJArgument.h; sourceTree = "<group>"; };
		D2088D4F1A8CA5D4005B750F /* MJArgument.m */ = {isa = PBXFileReference; fileEncoding = 4; lastKnownFileType = sourcecode.c.objc; path = MJArgument.m; sourceTree = "<group>"; };
		D2088D501A8CA5D4005B750F /* MJConst.h */ = {isa = PBXFileReference; fileEncoding = 4; lastKnownFileType = sourcecode.c.h; path = MJConst.h; sourceTree = "<group>"; };
		D2088D511A8CA5D4005B750F /* MJConst.m */ = {isa = PBXFileReference; fileEncoding = 4; lastKnownFileType = sourcecode.c.objc; path = MJConst.m; sourceTree = "<group>"; };
		D2088D521A8CA5D4005B750F /* MJExtension.h */ = {isa = PBXFileReference; fileEncoding = 4; lastKnownFileType = sourcecode.c.h; path = MJExtension.h; sourceTree = "<group>"; };
		D2088D531A8CA5D4005B750F /* MJFoundation.h */ = {isa = PBXFileReference; fileEncoding = 4; lastKnownFileType = sourcecode.c.h; path = MJFoundation.h; sourceTree = "<group>"; };
		D2088D541A8CA5D4005B750F /* MJFoundation.m */ = {isa = PBXFileReference; fileEncoding = 4; lastKnownFileType = sourcecode.c.objc; path = MJFoundation.m; sourceTree = "<group>"; };
		D2088D551A8CA5D4005B750F /* MJIvar.h */ = {isa = PBXFileReference; fileEncoding = 4; lastKnownFileType = sourcecode.c.h; path = MJIvar.h; sourceTree = "<group>"; };
		D2088D561A8CA5D4005B750F /* MJIvar.m */ = {isa = PBXFileReference; fileEncoding = 4; lastKnownFileType = sourcecode.c.objc; path = MJIvar.m; sourceTree = "<group>"; };
		D2088D571A8CA5D4005B750F /* MJMember.h */ = {isa = PBXFileReference; fileEncoding = 4; lastKnownFileType = sourcecode.c.h; path = MJMember.h; sourceTree = "<group>"; };
		D2088D581A8CA5D4005B750F /* MJMember.m */ = {isa = PBXFileReference; fileEncoding = 4; lastKnownFileType = sourcecode.c.objc; path = MJMember.m; sourceTree = "<group>"; };
		D2088D591A8CA5D4005B750F /* MJMethod.h */ = {isa = PBXFileReference; fileEncoding = 4; lastKnownFileType = sourcecode.c.h; path = MJMethod.h; sourceTree = "<group>"; };
		D2088D5A1A8CA5D4005B750F /* MJMethod.m */ = {isa = PBXFileReference; fileEncoding = 4; lastKnownFileType = sourcecode.c.objc; path = MJMethod.m; sourceTree = "<group>"; };
		D2088D5B1A8CA5D4005B750F /* MJType.h */ = {isa = PBXFileReference; fileEncoding = 4; lastKnownFileType = sourcecode.c.h; path = MJType.h; sourceTree = "<group>"; };
		D2088D5C1A8CA5D4005B750F /* MJType.m */ = {isa = PBXFileReference; fileEncoding = 4; lastKnownFileType = sourcecode.c.objc; path = MJType.m; sourceTree = "<group>"; };
		D2088D5D1A8CA5D4005B750F /* MJTypeEncoding.h */ = {isa = PBXFileReference; fileEncoding = 4; lastKnownFileType = sourcecode.c.h; path = MJTypeEncoding.h; sourceTree = "<group>"; };
		D2088D5E1A8CA5D4005B750F /* MJTypeEncoding.m */ = {isa = PBXFileReference; fileEncoding = 4; lastKnownFileType = sourcecode.c.objc; path = MJTypeEncoding.m; sourceTree = "<group>"; };
		D2088D5F1A8CA5D4005B750F /* NSObject+MJCoding.h */ = {isa = PBXFileReference; fileEncoding = 4; lastKnownFileType = sourcecode.c.h; path = "NSObject+MJCoding.h"; sourceTree = "<group>"; };
		D2088D601A8CA5D4005B750F /* NSObject+MJCoding.m */ = {isa = PBXFileReference; fileEncoding = 4; lastKnownFileType = sourcecode.c.objc; path = "NSObject+MJCoding.m"; sourceTree = "<group>"; };
		D2088D611A8CA5D4005B750F /* NSObject+MJKeyValue.h */ = {isa = PBXFileReference; fileEncoding = 4; lastKnownFileType = sourcecode.c.h; path = "NSObject+MJKeyValue.h"; sourceTree = "<group>"; };
		D2088D621A8CA5D4005B750F /* NSObject+MJKeyValue.m */ = {isa = PBXFileReference; fileEncoding = 4; lastKnownFileType = sourcecode.c.objc; path = "NSObject+MJKeyValue.m"; sourceTree = "<group>"; };
		D2088D631A8CA5D4005B750F /* NSObject+MJMember.h */ = {isa = PBXFileReference; fileEncoding = 4; lastKnownFileType = sourcecode.c.h; path = "NSObject+MJMember.h"; sourceTree = "<group>"; };
		D2088D641A8CA5D4005B750F /* NSObject+MJMember.m */ = {isa = PBXFileReference; fileEncoding = 4; lastKnownFileType = sourcecode.c.objc; path = "NSObject+MJMember.m"; sourceTree = "<group>"; };
		D2088D661A8CA5D4005B750F /* MJRefresh.bundle */ = {isa = PBXFileReference; lastKnownFileType = "wrapper.plug-in"; path = MJRefresh.bundle; sourceTree = "<group>"; };
		D2088D671A8CA5D4005B750F /* MJRefresh.h */ = {isa = PBXFileReference; fileEncoding = 4; lastKnownFileType = sourcecode.c.h; path = MJRefresh.h; sourceTree = "<group>"; };
		D2088D681A8CA5D4005B750F /* MJRefreshBaseView.h */ = {isa = PBXFileReference; fileEncoding = 4; lastKnownFileType = sourcecode.c.h; path = MJRefreshBaseView.h; sourceTree = "<group>"; };
		D2088D691A8CA5D4005B750F /* MJRefreshBaseView.m */ = {isa = PBXFileReference; fileEncoding = 4; lastKnownFileType = sourcecode.c.objc; path = MJRefreshBaseView.m; sourceTree = "<group>"; };
		D2088D6A1A8CA5D4005B750F /* MJRefreshConst.h */ = {isa = PBXFileReference; fileEncoding = 4; lastKnownFileType = sourcecode.c.h; path = MJRefreshConst.h; sourceTree = "<group>"; };
		D2088D6B1A8CA5D4005B750F /* MJRefreshConst.m */ = {isa = PBXFileReference; fileEncoding = 4; lastKnownFileType = sourcecode.c.objc; path = MJRefreshConst.m; sourceTree = "<group>"; };
		D2088D6C1A8CA5D4005B750F /* MJRefreshFooterView.h */ = {isa = PBXFileReference; fileEncoding = 4; lastKnownFileType = sourcecode.c.h; path = MJRefreshFooterView.h; sourceTree = "<group>"; };
		D2088D6D1A8CA5D4005B750F /* MJRefreshFooterView.m */ = {isa = PBXFileReference; fileEncoding = 4; lastKnownFileType = sourcecode.c.objc; path = MJRefreshFooterView.m; sourceTree = "<group>"; };
		D2088D6E1A8CA5D4005B750F /* MJRefreshHeaderView.h */ = {isa = PBXFileReference; fileEncoding = 4; lastKnownFileType = sourcecode.c.h; path = MJRefreshHeaderView.h; sourceTree = "<group>"; };
		D2088D6F1A8CA5D4005B750F /* MJRefreshHeaderView.m */ = {isa = PBXFileReference; fileEncoding = 4; lastKnownFileType = sourcecode.c.objc; path = MJRefreshHeaderView.m; sourceTree = "<group>"; };
		D2088D701A8CA5D4005B750F /* UIScrollView+MJExtension.h */ = {isa = PBXFileReference; fileEncoding = 4; lastKnownFileType = sourcecode.c.h; path = "UIScrollView+MJExtension.h"; sourceTree = "<group>"; };
		D2088D711A8CA5D4005B750F /* UIScrollView+MJExtension.m */ = {isa = PBXFileReference; fileEncoding = 4; lastKnownFileType = sourcecode.c.objc; path = "UIScrollView+MJExtension.m"; sourceTree = "<group>"; };
		D2088D721A8CA5D4005B750F /* UIScrollView+MJRefresh.h */ = {isa = PBXFileReference; fileEncoding = 4; lastKnownFileType = sourcecode.c.h; path = "UIScrollView+MJRefresh.h"; sourceTree = "<group>"; };
		D2088D731A8CA5D4005B750F /* UIScrollView+MJRefresh.m */ = {isa = PBXFileReference; fileEncoding = 4; lastKnownFileType = sourcecode.c.objc; path = "UIScrollView+MJRefresh.m"; sourceTree = "<group>"; };
		D2088D741A8CA5D4005B750F /* UIView+MJExtension.h */ = {isa = PBXFileReference; fileEncoding = 4; lastKnownFileType = sourcecode.c.h; path = "UIView+MJExtension.h"; sourceTree = "<group>"; };
		D2088D751A8CA5D4005B750F /* UIView+MJExtension.m */ = {isa = PBXFileReference; fileEncoding = 4; lastKnownFileType = sourcecode.c.objc; path = "UIView+MJExtension.m"; sourceTree = "<group>"; };
		D2088D771A8CA5D4005B750F /* MKAnnotationView+WebCache.h */ = {isa = PBXFileReference; fileEncoding = 4; lastKnownFileType = sourcecode.c.h; path = "MKAnnotationView+WebCache.h"; sourceTree = "<group>"; };
		D2088D781A8CA5D4005B750F /* MKAnnotationView+WebCache.m */ = {isa = PBXFileReference; fileEncoding = 4; lastKnownFileType = sourcecode.c.objc; path = "MKAnnotationView+WebCache.m"; sourceTree = "<group>"; };
		D2088D791A8CA5D4005B750F /* NSData+ImageContentType.h */ = {isa = PBXFileReference; fileEncoding = 4; lastKnownFileType = sourcecode.c.h; path = "NSData+ImageContentType.h"; sourceTree = "<group>"; };
		D2088D7A1A8CA5D4005B750F /* NSData+ImageContentType.m */ = {isa = PBXFileReference; fileEncoding = 4; lastKnownFileType = sourcecode.c.objc; path = "NSData+ImageContentType.m"; sourceTree = "<group>"; };
		D2088D7B1A8CA5D4005B750F /* SDImageCache.h */ = {isa = PBXFileReference; fileEncoding = 4; lastKnownFileType = sourcecode.c.h; path = SDImageCache.h; sourceTree = "<group>"; };
		D2088D7C1A8CA5D4005B750F /* SDImageCache.m */ = {isa = PBXFileReference; fileEncoding = 4; lastKnownFileType = sourcecode.c.objc; path = SDImageCache.m; sourceTree = "<group>"; };
		D2088D7D1A8CA5D4005B750F /* SDWebImageCompat.h */ = {isa = PBXFileReference; fileEncoding = 4; lastKnownFileType = sourcecode.c.h; path = SDWebImageCompat.h; sourceTree = "<group>"; };
		D2088D7E1A8CA5D4005B750F /* SDWebImageCompat.m */ = {isa = PBXFileReference; fileEncoding = 4; lastKnownFileType = sourcecode.c.objc; path = SDWebImageCompat.m; sourceTree = "<group>"; };
		D2088D7F1A8CA5D4005B750F /* SDWebImageDecoder.h */ = {isa = PBXFileReference; fileEncoding = 4; lastKnownFileType = sourcecode.c.h; path = SDWebImageDecoder.h; sourceTree = "<group>"; };
		D2088D801A8CA5D4005B750F /* SDWebImageDecoder.m */ = {isa = PBXFileReference; fileEncoding = 4; lastKnownFileType = sourcecode.c.objc; path = SDWebImageDecoder.m; sourceTree = "<group>"; };
		D2088D811A8CA5D4005B750F /* SDWebImageDownloader.h */ = {isa = PBXFileReference; fileEncoding = 4; lastKnownFileType = sourcecode.c.h; path = SDWebImageDownloader.h; sourceTree = "<group>"; };
		D2088D821A8CA5D4005B750F /* SDWebImageDownloader.m */ = {isa = PBXFileReference; fileEncoding = 4; lastKnownFileType = sourcecode.c.objc; path = SDWebImageDownloader.m; sourceTree = "<group>"; };
		D2088D831A8CA5D4005B750F /* SDWebImageDownloaderOperation.h */ = {isa = PBXFileReference; fileEncoding = 4; lastKnownFileType = sourcecode.c.h; path = SDWebImageDownloaderOperation.h; sourceTree = "<group>"; };
		D2088D841A8CA5D4005B750F /* SDWebImageDownloaderOperation.m */ = {isa = PBXFileReference; fileEncoding = 4; lastKnownFileType = sourcecode.c.objc; path = SDWebImageDownloaderOperation.m; sourceTree = "<group>"; };
		D2088D851A8CA5D4005B750F /* SDWebImageManager.h */ = {isa = PBXFileReference; fileEncoding = 4; lastKnownFileType = sourcecode.c.h; path = SDWebImageManager.h; sourceTree = "<group>"; };
		D2088D861A8CA5D4005B750F /* SDWebImageManager.m */ = {isa = PBXFileReference; fileEncoding = 4; lastKnownFileType = sourcecode.c.objc; path = SDWebImageManager.m; sourceTree = "<group>"; };
		D2088D871A8CA5D4005B750F /* SDWebImageOperation.h */ = {isa = PBXFileReference; fileEncoding = 4; lastKnownFileType = sourcecode.c.h; path = SDWebImageOperation.h; sourceTree = "<group>"; };
		D2088D881A8CA5D4005B750F /* SDWebImagePrefetcher.h */ = {isa = PBXFileReference; fileEncoding = 4; lastKnownFileType = sourcecode.c.h; path = SDWebImagePrefetcher.h; sourceTree = "<group>"; };
		D2088D891A8CA5D4005B750F /* SDWebImagePrefetcher.m */ = {isa = PBXFileReference; fileEncoding = 4; lastKnownFileType = sourcecode.c.objc; path = SDWebImagePrefetcher.m; sourceTree = "<group>"; };
		D2088D8A1A8CA5D4005B750F /* UIButton+WebCache.h */ = {isa = PBXFileReference; fileEncoding = 4; lastKnownFileType = sourcecode.c.h; path = "UIButton+WebCache.h"; sourceTree = "<group>"; };
		D2088D8B1A8CA5D4005B750F /* UIButton+WebCache.m */ = {isa = PBXFileReference; fileEncoding = 4; lastKnownFileType = sourcecode.c.objc; path = "UIButton+WebCache.m"; sourceTree = "<group>"; };
		D2088D8C1A8CA5D4005B750F /* UIImage+GIF.h */ = {isa = PBXFileReference; fileEncoding = 4; lastKnownFileType = sourcecode.c.h; path = "UIImage+GIF.h"; sourceTree = "<group>"; };
		D2088D8D1A8CA5D4005B750F /* UIImage+GIF.m */ = {isa = PBXFileReference; fileEncoding = 4; lastKnownFileType = sourcecode.c.objc; path = "UIImage+GIF.m"; sourceTree = "<group>"; };
		D2088D8E1A8CA5D4005B750F /* UIImage+MultiFormat.h */ = {isa = PBXFileReference; fileEncoding = 4; lastKnownFileType = sourcecode.c.h; path = "UIImage+MultiFormat.h"; sourceTree = "<group>"; };
		D2088D8F1A8CA5D4005B750F /* UIImage+MultiFormat.m */ = {isa = PBXFileReference; fileEncoding = 4; lastKnownFileType = sourcecode.c.objc; path = "UIImage+MultiFormat.m"; sourceTree = "<group>"; };
		D2088D901A8CA5D4005B750F /* UIImage+WebP.h */ = {isa = PBXFileReference; fileEncoding = 4; lastKnownFileType = sourcecode.c.h; path = "UIImage+WebP.h"; sourceTree = "<group>"; };
		D2088D911A8CA5D4005B750F /* UIImage+WebP.m */ = {isa = PBXFileReference; fileEncoding = 4; lastKnownFileType = sourcecode.c.objc; path = "UIImage+WebP.m"; sourceTree = "<group>"; };
		D2088D921A8CA5D4005B750F /* UIImageView+HighlightedWebCache.h */ = {isa = PBXFileReference; fileEncoding = 4; lastKnownFileType = sourcecode.c.h; path = "UIImageView+HighlightedWebCache.h"; sourceTree = "<group>"; };
		D2088D931A8CA5D4005B750F /* UIImageView+HighlightedWebCache.m */ = {isa = PBXFileReference; fileEncoding = 4; lastKnownFileType = sourcecode.c.objc; path = "UIImageView+HighlightedWebCache.m"; sourceTree = "<group>"; };
		D2088D941A8CA5D4005B750F /* UIImageView+WebCache.h */ = {isa = PBXFileReference; fileEncoding = 4; lastKnownFileType = sourcecode.c.h; path = "UIImageView+WebCache.h"; sourceTree = "<group>"; };
		D2088D951A8CA5D4005B750F /* UIImageView+WebCache.m */ = {isa = PBXFileReference; fileEncoding = 4; lastKnownFileType = sourcecode.c.objc; path = "UIImageView+WebCache.m"; sourceTree = "<group>"; };
		D2088D961A8CA5D4005B750F /* UIView+WebCacheOperation.h */ = {isa = PBXFileReference; fileEncoding = 4; lastKnownFileType = sourcecode.c.h; path = "UIView+WebCacheOperation.h"; sourceTree = "<group>"; };
		D2088D971A8CA5D4005B750F /* UIView+WebCacheOperation.m */ = {isa = PBXFileReference; fileEncoding = 4; lastKnownFileType = sourcecode.c.objc; path = "UIView+WebCacheOperation.m"; sourceTree = "<group>"; };
/* End PBXFileReference section */

/* Begin PBXFrameworksBuildPhase section */
		D2088C651A8C90BF005B750F /* Frameworks */ = {
			isa = PBXFrameworksBuildPhase;
			buildActionMask = 2147483647;
			files = (
			);
			runOnlyForDeploymentPostprocessing = 0;
		};
		D2088C811A8C90BF005B750F /* Frameworks */ = {
			isa = PBXFrameworksBuildPhase;
			buildActionMask = 2147483647;
			files = (
			);
			runOnlyForDeploymentPostprocessing = 0;
		};
/* End PBXFrameworksBuildPhase section */

/* Begin PBXGroup section */
		D2088C5F1A8C90BF005B750F = {
			isa = PBXGroup;
			children = (
				D2088C6A1A8C90BF005B750F /* Japan */,
				D2088C871A8C90BF005B750F /* JapanTests */,
				D2088C691A8C90BF005B750F /* Products */,
			);
			sourceTree = "<group>";
		};
		D2088C691A8C90BF005B750F /* Products */ = {
			isa = PBXGroup;
			children = (
				D2088C681A8C90BF005B750F /* Japan.app */,
				D2088C841A8C90BF005B750F /* JapanTests.xctest */,
			);
			name = Products;
			sourceTree = "<group>";
		};
		D2088C6A1A8C90BF005B750F /* Japan */ = {
			isa = PBXGroup;
			children = (
				D2088C941A8C90D2005B750F /* Classes */,
				D2088C6B1A8C90BF005B750F /* Supporting Files */,
			);
			path = Japan;
			sourceTree = "<group>";
		};
		D2088C6B1A8C90BF005B750F /* Supporting Files */ = {
			isa = PBXGroup;
			children = (
				D2088C6C1A8C90BF005B750F /* Info.plist */,
				D2088C6D1A8C90BF005B750F /* main.m */,
			);
			name = "Supporting Files";
			sourceTree = "<group>";
		};
		D2088C871A8C90BF005B750F /* JapanTests */ = {
			isa = PBXGroup;
			children = (
				D2088C8A1A8C90BF005B750F /* JapanTests.m */,
				D2088C881A8C90BF005B750F /* Supporting Files */,
			);
			path = JapanTests;
			sourceTree = "<group>";
		};
		D2088C881A8C90BF005B750F /* Supporting Files */ = {
			isa = PBXGroup;
			children = (
				D2088C891A8C90BF005B750F /* Info.plist */,
			);
			name = "Supporting Files";
			sourceTree = "<group>";
		};
		D2088C941A8C90D2005B750F /* Classes */ = {
			isa = PBXGroup;
			children = (
				D2088CF01A8CA20E005B750F /* Common */,
				D2088CB11A8C92BA005B750F /* Launch */,
				D2088C951A8C90D2005B750F /* ApplyJob */,
				D2088C991A8C90D2005B750F /* Main */,
				D2088C9D1A8C90D2005B750F /* Other */,
				D2088CA21A8C90D2005B750F /* RealEstate */,
				D2088CA61A8C90D2005B750F /* Stroy */,
			);
			path = Classes;
			sourceTree = "<group>";
		};
		D2088C951A8C90D2005B750F /* ApplyJob */ = {
			isa = PBXGroup;
			children = (
				D2088C961A8C90D2005B750F /* Controller */,
				D2088C971A8C90D2005B750F /* Model */,
				D2088C981A8C90D2005B750F /* View */,
			);
			path = ApplyJob;
			sourceTree = "<group>";
		};
		D2088C961A8C90D2005B750F /* Controller */ = {
			isa = PBXGroup;
			children = (
			);
			path = Controller;
			sourceTree = "<group>";
		};
		D2088C971A8C90D2005B750F /* Model */ = {
			isa = PBXGroup;
			children = (
			);
			path = Model;
			sourceTree = "<group>";
		};
		D2088C981A8C90D2005B750F /* View */ = {
			isa = PBXGroup;
			children = (
			);
			path = View;
			sourceTree = "<group>";
		};
		D2088C991A8C90D2005B750F /* Main */ = {
			isa = PBXGroup;
			children = (
				D2088C9A1A8C90D2005B750F /* Controller */,
				D2088C9B1A8C90D2005B750F /* Model */,
				D2088C9C1A8C90D2005B750F /* View */,
			);
			path = Main;
			sourceTree = "<group>";
		};
		D2088C9A1A8C90D2005B750F /* Controller */ = {
			isa = PBXGroup;
			children = (
				D2088CAE1A8C913F005B750F /* MainviewController.h */,
				D2088CAF1A8C913F005B750F /* MainviewController.m */,
			);
			path = Controller;
			sourceTree = "<group>";
		};
		D2088C9B1A8C90D2005B750F /* Model */ = {
			isa = PBXGroup;
			children = (
			);
			path = Model;
			sourceTree = "<group>";
		};
		D2088C9C1A8C90D2005B750F /* View */ = {
			isa = PBXGroup;
			children = (
				D2088CEA1A8CA167005B750F /* LBUpView.h */,
				D2088CEB1A8CA167005B750F /* LBUpView.m */,
				D2088CED1A8CA186005B750F /* LBDownView.h */,
				D2088CEE1A8CA186005B750F /* LBDownView.m */,
			);
			path = View;
			sourceTree = "<group>";
		};
		D2088C9D1A8C90D2005B750F /* Other */ = {
			isa = PBXGroup;
			children = (
				D2088CC01A8C973F005B750F /* URLService */,
				D2088CA01A8C90D2005B750F /* Category */,
				D2088CA11A8C90D2005B750F /* Lib */,
			);
			path = Other;
			sourceTree = "<group>";
		};
		D2088CA01A8C90D2005B750F /* Category */ = {
			isa = PBXGroup;
			children = (
				D2088CC61A8C98DD005B750F /* NSData+Extension.h */,
				D2088CC71A8C98DD005B750F /* NSData+Extension.m */,
				D2088CC81A8C98DD005B750F /* NSDate+LBExtension.h */,
				D2088CC91A8C98DD005B750F /* NSDate+LBExtension.m */,
				D2088CCA1A8C98DD005B750F /* NSMutableURLRequest+MultiPartFormData.h */,
				D2088CCB1A8C98DD005B750F /* NSMutableURLRequest+MultiPartFormData.m */,
				D2088CCC1A8C98DD005B750F /* NSObject+Extension.h */,
				D2088CCD1A8C98DD005B750F /* NSObject+Extension.m */,
				D2088CCE1A8C98DD005B750F /* NSString+Extension.h */,
				D2088CCF1A8C98DD005B750F /* NSString+Extension.m */,
				D2088CD01A8C98DD005B750F /* NSString+Helper.h */,
				D2088CD11A8C98DD005B750F /* NSString+Helper.m */,
				D2088CD21A8C98DD005B750F /* UIBarButtonItem+Create.h */,
				D2088CD31A8C98DD005B750F /* UIBarButtonItem+Create.m */,
				D2088CD61A8C98DD005B750F /* UIImage+image.h */,
				D2088CD71A8C98DD005B750F /* UIImage+image.m */,
				D2088CD81A8C98DD005B750F /* UILabel+Extension.h */,
				D2088CD91A8C98DD005B750F /* UILabel+Extension.m */,
				D2088CDA1A8C98DD005B750F /* UIView+Extension.h */,
				D2088CDB1A8C98DD005B750F /* UIView+Extension.m */,
				D2088CDC1A8C98DD005B750F /* UIView+Frame.h */,
				D2088CDD1A8C98DD005B750F /* UIView+Frame.m */,
			);
			path = Category;
			sourceTree = "<group>";
		};
		D2088CA11A8C90D2005B750F /* Lib */ = {
			isa = PBXGroup;
			children = (
				D2088CF91A8CA5D4005B750F /* AFNetworking */,
				D2088D0D1A8CA5D4005B750F /* Category */,
				D2088D261A8CA5D4005B750F /* IQKeyBoardManager */,
				D2088D471A8CA5D4005B750F /* MBProgressHUD */,
				D2088D4D1A8CA5D4005B750F /* MJExtension */,
				D2088D651A8CA5D4005B750F /* MJRefresh */,
				D2088D761A8CA5D4005B750F /* SDWebImage */,
			);
			path = Lib;
			sourceTree = "<group>";
		};
		D2088CA21A8C90D2005B750F /* RealEstate */ = {
			isa = PBXGroup;
			children = (
				D2088CA31A8C90D2005B750F /* Controller */,
				D2088CA41A8C90D2005B750F /* Model */,
				D2088CA51A8C90D2005B750F /* View */,
			);
			path = RealEstate;
			sourceTree = "<group>";
		};
		D2088CA31A8C90D2005B750F /* Controller */ = {
			isa = PBXGroup;
			children = (
			);
			path = Controller;
			sourceTree = "<group>";
		};
		D2088CA41A8C90D2005B750F /* Model */ = {
			isa = PBXGroup;
			children = (
			);
			path = Model;
			sourceTree = "<group>";
		};
		D2088CA51A8C90D2005B750F /* View */ = {
			isa = PBXGroup;
			children = (
			);
			path = View;
			sourceTree = "<group>";
		};
		D2088CA61A8C90D2005B750F /* Stroy */ = {
			isa = PBXGroup;
			children = (
				D2088CA81A8C90F6005B750F /* Images.xcassets */,
				D2088CA91A8C90F6005B750F /* LaunchScreen.xib */,
				D2088CAA1A8C90F6005B750F /* Main.storyboard */,
			);
			path = Stroy;
			sourceTree = "<group>";
		};
		D2088CB11A8C92BA005B750F /* Launch */ = {
			isa = PBXGroup;
			children = (
				D2088CB21A8C92BA005B750F /* AppDelegate.h */,
				D2088CB31A8C92BA005B750F /* AppDelegate.m */,
			);
			path = Launch;
			sourceTree = "<group>";
		};
		D2088CC01A8C973F005B750F /* URLService */ = {
			isa = PBXGroup;
			children = (
				D2088CC11A8C973F005B750F /* common.h */,
				D2088CC21A8C973F005B750F /* Japan.pch */,
				D2088CC31A8C973F005B750F /* URLService.h */,
				D2088CC41A8C973F005B750F /* URLService.m */,
			);
			path = URLService;
			sourceTree = "<group>";
		};
		D2088CF01A8CA20E005B750F /* Common */ = {
			isa = PBXGroup;
			children = (
				D2088CF11A8CA220005B750F /* Model */,
				D2088CF21A8CA220005B750F /* View */,
			);
			path = Common;
			sourceTree = "<group>";
		};
		D2088CF11A8CA220005B750F /* Model */ = {
			isa = PBXGroup;
			children = (
			);
			path = Model;
			sourceTree = "<group>";
		};
		D2088CF21A8CA220005B750F /* View */ = {
			isa = PBXGroup;
			children = (
				D2088CF31A8CA233005B750F /* LBCommonButtom.h */,
				D2088CF41A8CA233005B750F /* LBCommonButtom.m */,
			);
			path = View;
			sourceTree = "<group>";
		};
		D2088CF91A8CA5D4005B750F /* AFNetworking */ = {
			isa = PBXGroup;
			children = (
				D2088CFA1A8CA5D4005B750F /* AFHTTPRequestOperation.h */,
				D2088CFB1A8CA5D4005B750F /* AFHTTPRequestOperation.m */,
				D2088CFC1A8CA5D4005B750F /* AFHTTPRequestOperationManager.h */,
				D2088CFD1A8CA5D4005B750F /* AFHTTPRequestOperationManager.m */,
				D2088CFE1A8CA5D4005B750F /* AFHTTPSessionManager.h */,
				D2088CFF1A8CA5D4005B750F /* AFHTTPSessionManager.m */,
				D2088D001A8CA5D4005B750F /* AFNetworking.h */,
				D2088D011A8CA5D4005B750F /* AFNetworkReachabilityManager.h */,
				D2088D021A8CA5D4005B750F /* AFNetworkReachabilityManager.m */,
				D2088D031A8CA5D4005B750F /* AFSecurityPolicy.h */,
				D2088D041A8CA5D4005B750F /* AFSecurityPolicy.m */,
				D2088D051A8CA5D4005B750F /* AFURLConnectionOperation.h */,
				D2088D061A8CA5D4005B750F /* AFURLConnectionOperation.m */,
				D2088D071A8CA5D4005B750F /* AFURLRequestSerialization.h */,
				D2088D081A8CA5D4005B750F /* AFURLRequestSerialization.m */,
				D2088D091A8CA5D4005B750F /* AFURLResponseSerialization.h */,
				D2088D0A1A8CA5D4005B750F /* AFURLResponseSerialization.m */,
				D2088D0B1A8CA5D4005B750F /* AFURLSessionManager.h */,
				D2088D0C1A8CA5D4005B750F /* AFURLSessionManager.m */,
			);
			path = AFNetworking;
			sourceTree = "<group>";
		};
		D2088D0D1A8CA5D4005B750F /* Category */ = {
			isa = PBXGroup;
			children = (
				D2088D0E1A8CA5D4005B750F /* NSData+Extension.h */,
				D2088D0F1A8CA5D4005B750F /* NSData+Extension.m */,
				D2088D101A8CA5D4005B750F /* NSDate+LBExtension.h */,
				D2088D111A8CA5D4005B750F /* NSDate+LBExtension.m */,
				D2088D121A8CA5D4005B750F /* NSMutableURLRequest+MultiPartFormData.h */,
				D2088D131A8CA5D4005B750F /* NSMutableURLRequest+MultiPartFormData.m */,
				D2088D141A8CA5D4005B750F /* NSObject+Extension.h */,
				D2088D151A8CA5D4005B750F /* NSObject+Extension.m */,
				D2088D161A8CA5D4005B750F /* NSString+Extension.h */,
				D2088D171A8CA5D4005B750F /* NSString+Extension.m */,
				D2088D181A8CA5D4005B750F /* NSString+Helper.h */,
				D2088D191A8CA5D4005B750F /* NSString+Helper.m */,
				D2088D1A1A8CA5D4005B750F /* UIBarButtonItem+Create.h */,
				D2088D1B1A8CA5D4005B750F /* UIBarButtonItem+Create.m */,
				D2088D1C1A8CA5D4005B750F /* UIButton+Extension.h */,
				D2088D1D1A8CA5D4005B750F /* UIButton+Extension.m */,
				D2088D1E1A8CA5D4005B750F /* UIImage+image.h */,
				D2088D1F1A8CA5D4005B750F /* UIImage+image.m */,
				D2088D201A8CA5D4005B750F /* UILabel+Extension.h */,
				D2088D211A8CA5D4005B750F /* UILabel+Extension.m */,
				D2088D221A8CA5D4005B750F /* UIView+Extension.h */,
				D2088D231A8CA5D4005B750F /* UIView+Extension.m */,
				D2088D241A8CA5D4005B750F /* UIView+Frame.h */,
				D2088D251A8CA5D4005B750F /* UIView+Frame.m */,
			);
			path = Category;
			sourceTree = "<group>";
		};
		D2088D261A8CA5D4005B750F /* IQKeyBoardManager */ = {
			isa = PBXGroup;
			children = (
				D2088D271A8CA5D4005B750F /* Categories */,
				D2088D2E1A8CA5D4005B750F /* Constants */,
				D2088D311A8CA5D4005B750F /* IQKeyboardManager.h */,
				D2088D321A8CA5D4005B750F /* IQKeyboardManager.m */,
				D2088D331A8CA5D4005B750F /* IQKeyboardReturnKeyHandler.h */,
				D2088D341A8CA5D4005B750F /* IQKeyboardReturnKeyHandler.m */,
				D2088D351A8CA5D4005B750F /* IQSegmentedNextPrevious */,
				D2088D381A8CA5D4005B750F /* IQTextView */,
				D2088D3B1A8CA5D4005B750F /* IQToolbar */,
				D2088D441A8CA5D4005B750F /* KeyboardManager.h */,
				D2088D451A8CA5D4005B750F /* Resources */,
			);
			path = IQKeyBoardManager;
			sourceTree = "<group>";
		};
		D2088D271A8CA5D4005B750F /* Categories */ = {
			isa = PBXGroup;
			children = (
				D2088D281A8CA5D4005B750F /* IQNSArray+Sort.h */,
				D2088D291A8CA5D4005B750F /* IQNSArray+Sort.m */,
				D2088D2A1A8CA5D4005B750F /* IQUIView+Hierarchy.h */,
				D2088D2B1A8CA5D4005B750F /* IQUIView+Hierarchy.m */,
				D2088D2C1A8CA5D4005B750F /* IQUIWindow+Hierarchy.h */,
				D2088D2D1A8CA5D4005B750F /* IQUIWindow+Hierarchy.m */,
			);
			path = Categories;
			sourceTree = "<group>";
		};
		D2088D2E1A8CA5D4005B750F /* Constants */ = {
			isa = PBXGroup;
			children = (
				D2088D2F1A8CA5D4005B750F /* IQKeyboardManagerConstants.h */,
				D2088D301A8CA5D4005B750F /* IQKeyboardManagerConstantsInternal.h */,
			);
			path = Constants;
			sourceTree = "<group>";
		};
		D2088D351A8CA5D4005B750F /* IQSegmentedNextPrevious */ = {
			isa = PBXGroup;
			children = (
				D2088D361A8CA5D4005B750F /* IQSegmentedNextPrevious.h */,
				D2088D371A8CA5D4005B750F /* IQSegmentedNextPrevious.m */,
			);
			path = IQSegmentedNextPrevious;
			sourceTree = "<group>";
		};
		D2088D381A8CA5D4005B750F /* IQTextView */ = {
			isa = PBXGroup;
			children = (
				D2088D391A8CA5D4005B750F /* IQTextView.h */,
				D2088D3A1A8CA5D4005B750F /* IQTextView.m */,
			);
			path = IQTextView;
			sourceTree = "<group>";
		};
		D2088D3B1A8CA5D4005B750F /* IQToolbar */ = {
			isa = PBXGroup;
			children = (
				D2088D3C1A8CA5D4005B750F /* IQBarButtonItem.h */,
				D2088D3D1A8CA5D4005B750F /* IQBarButtonItem.m */,
				D2088D3E1A8CA5D4005B750F /* IQTitleBarButtonItem.h */,
				D2088D3F1A8CA5D4005B750F /* IQTitleBarButtonItem.m */,
				D2088D401A8CA5D4005B750F /* IQToolbar.h */,
				D2088D411A8CA5D4005B750F /* IQToolbar.m */,
				D2088D421A8CA5D4005B750F /* IQUIView+IQKeyboardToolbar.h */,
				D2088D431A8CA5D4005B750F /* IQUIView+IQKeyboardToolbar.m */,
			);
			path = IQToolbar;
			sourceTree = "<group>";
		};
		D2088D451A8CA5D4005B750F /* Resources */ = {
			isa = PBXGroup;
			children = (
				D2088D461A8CA5D4005B750F /* IQKeyboardManager.bundle */,
			);
			path = Resources;
			sourceTree = "<group>";
		};
		D2088D471A8CA5D4005B750F /* MBProgressHUD */ = {
			isa = PBXGroup;
			children = (
				D2088D481A8CA5D4005B750F /* MBProgressHUD+MJ.h */,
				D2088D491A8CA5D4005B750F /* MBProgressHUD+MJ.m */,
				D2088D4A1A8CA5D4005B750F /* MBProgressHUD.bundle */,
				D2088D4B1A8CA5D4005B750F /* MBProgressHUD.h */,
				D2088D4C1A8CA5D4005B750F /* MBProgressHUD.m */,
			);
			path = MBProgressHUD;
			sourceTree = "<group>";
		};
		D2088D4D1A8CA5D4005B750F /* MJExtension */ = {
			isa = PBXGroup;
			children = (
				D2088D4E1A8CA5D4005B750F /* MJArgument.h */,
				D2088D4F1A8CA5D4005B750F /* MJArgument.m */,
				D2088D501A8CA5D4005B750F /* MJConst.h */,
				D2088D511A8CA5D4005B750F /* MJConst.m */,
				D2088D521A8CA5D4005B750F /* MJExtension.h */,
				D2088D531A8CA5D4005B750F /* MJFoundation.h */,
				D2088D541A8CA5D4005B750F /* MJFoundation.m */,
				D2088D551A8CA5D4005B750F /* MJIvar.h */,
				D2088D561A8CA5D4005B750F /* MJIvar.m */,
				D2088D571A8CA5D4005B750F /* MJMember.h */,
				D2088D581A8CA5D4005B750F /* MJMember.m */,
				D2088D591A8CA5D4005B750F /* MJMethod.h */,
				D2088D5A1A8CA5D4005B750F /* MJMethod.m */,
				D2088D5B1A8CA5D4005B750F /* MJType.h */,
				D2088D5C1A8CA5D4005B750F /* MJType.m */,
				D2088D5D1A8CA5D4005B750F /* MJTypeEncoding.h */,
				D2088D5E1A8CA5D4005B750F /* MJTypeEncoding.m */,
				D2088D5F1A8CA5D4005B750F /* NSObject+MJCoding.h */,
				D2088D601A8CA5D4005B750F /* NSObject+MJCoding.m */,
				D2088D611A8CA5D4005B750F /* NSObject+MJKeyValue.h */,
				D2088D621A8CA5D4005B750F /* NSObject+MJKeyValue.m */,
				D2088D631A8CA5D4005B750F /* NSObject+MJMember.h */,
				D2088D641A8CA5D4005B750F /* NSObject+MJMember.m */,
			);
			path = MJExtension;
			sourceTree = "<group>";
		};
		D2088D651A8CA5D4005B750F /* MJRefresh */ = {
			isa = PBXGroup;
			children = (
				D2088D661A8CA5D4005B750F /* MJRefresh.bundle */,
				D2088D671A8CA5D4005B750F /* MJRefresh.h */,
				D2088D681A8CA5D4005B750F /* MJRefreshBaseView.h */,
				D2088D691A8CA5D4005B750F /* MJRefreshBaseView.m */,
				D2088D6A1A8CA5D4005B750F /* MJRefreshConst.h */,
				D2088D6B1A8CA5D4005B750F /* MJRefreshConst.m */,
				D2088D6C1A8CA5D4005B750F /* MJRefreshFooterView.h */,
				D2088D6D1A8CA5D4005B750F /* MJRefreshFooterView.m */,
				D2088D6E1A8CA5D4005B750F /* MJRefreshHeaderView.h */,
				D2088D6F1A8CA5D4005B750F /* MJRefreshHeaderView.m */,
				D2088D701A8CA5D4005B750F /* UIScrollView+MJExtension.h */,
				D2088D711A8CA5D4005B750F /* UIScrollView+MJExtension.m */,
				D2088D721A8CA5D4005B750F /* UIScrollView+MJRefresh.h */,
				D2088D731A8CA5D4005B750F /* UIScrollView+MJRefresh.m */,
				D2088D741A8CA5D4005B750F /* UIView+MJExtension.h */,
				D2088D751A8CA5D4005B750F /* UIView+MJExtension.m */,
			);
			path = MJRefresh;
			sourceTree = "<group>";
		};
		D2088D761A8CA5D4005B750F /* SDWebImage */ = {
			isa = PBXGroup;
			children = (
				D2088D771A8CA5D4005B750F /* MKAnnotationView+WebCache.h */,
				D2088D781A8CA5D4005B750F /* MKAnnotationView+WebCache.m */,
				D2088D791A8CA5D4005B750F /* NSData+ImageContentType.h */,
				D2088D7A1A8CA5D4005B750F /* NSData+ImageContentType.m */,
				D2088D7B1A8CA5D4005B750F /* SDImageCache.h */,
				D2088D7C1A8CA5D4005B750F /* SDImageCache.m */,
				D2088D7D1A8CA5D4005B750F /* SDWebImageCompat.h */,
				D2088D7E1A8CA5D4005B750F /* SDWebImageCompat.m */,
				D2088D7F1A8CA5D4005B750F /* SDWebImageDecoder.h */,
				D2088D801A8CA5D4005B750F /* SDWebImageDecoder.m */,
				D2088D811A8CA5D4005B750F /* SDWebImageDownloader.h */,
				D2088D821A8CA5D4005B750F /* SDWebImageDownloader.m */,
				D2088D831A8CA5D4005B750F /* SDWebImageDownloaderOperation.h */,
				D2088D841A8CA5D4005B750F /* SDWebImageDownloaderOperation.m */,
				D2088D851A8CA5D4005B750F /* SDWebImageManager.h */,
				D2088D861A8CA5D4005B750F /* SDWebImageManager.m */,
				D2088D871A8CA5D4005B750F /* SDWebImageOperation.h */,
				D2088D881A8CA5D4005B750F /* SDWebImagePrefetcher.h */,
				D2088D891A8CA5D4005B750F /* SDWebImagePrefetcher.m */,
				D2088D8A1A8CA5D4005B750F /* UIButton+WebCache.h */,
				D2088D8B1A8CA5D4005B750F /* UIButton+WebCache.m */,
				D2088D8C1A8CA5D4005B750F /* UIImage+GIF.h */,
				D2088D8D1A8CA5D4005B750F /* UIImage+GIF.m */,
				D2088D8E1A8CA5D4005B750F /* UIImage+MultiFormat.h */,
				D2088D8F1A8CA5D4005B750F /* UIImage+MultiFormat.m */,
				D2088D901A8CA5D4005B750F /* UIImage+WebP.h */,
				D2088D911A8CA5D4005B750F /* UIImage+WebP.m */,
				D2088D921A8CA5D4005B750F /* UIImageView+HighlightedWebCache.h */,
				D2088D931A8CA5D4005B750F /* UIImageView+HighlightedWebCache.m */,
				D2088D941A8CA5D4005B750F /* UIImageView+WebCache.h */,
				D2088D951A8CA5D4005B750F /* UIImageView+WebCache.m */,
				D2088D961A8CA5D4005B750F /* UIView+WebCacheOperation.h */,
				D2088D971A8CA5D4005B750F /* UIView+WebCacheOperation.m */,
			);
			path = SDWebImage;
			sourceTree = "<group>";
		};
/* End PBXGroup section */

/* Begin PBXNativeTarget section */
		D2088C671A8C90BF005B750F /* Japan */ = {
			isa = PBXNativeTarget;
			buildConfigurationList = D2088C8E1A8C90BF005B750F /* Build configuration list for PBXNativeTarget "Japan" */;
			buildPhases = (
				D2088C641A8C90BF005B750F /* Sources */,
				D2088C651A8C90BF005B750F /* Frameworks */,
				D2088C661A8C90BF005B750F /* Resources */,
			);
			buildRules = (
			);
			dependencies = (
			);
			name = Japan;
			productName = Japan;
			productReference = D2088C681A8C90BF005B750F /* Japan.app */;
			productType = "com.apple.product-type.application";
		};
		D2088C831A8C90BF005B750F /* JapanTests */ = {
			isa = PBXNativeTarget;
			buildConfigurationList = D2088C911A8C90BF005B750F /* Build configuration list for PBXNativeTarget "JapanTests" */;
			buildPhases = (
				D2088C801A8C90BF005B750F /* Sources */,
				D2088C811A8C90BF005B750F /* Frameworks */,
				D2088C821A8C90BF005B750F /* Resources */,
			);
			buildRules = (
			);
			dependencies = (
				D2088C861A8C90BF005B750F /* PBXTargetDependency */,
			);
			name = JapanTests;
			productName = JapanTests;
			productReference = D2088C841A8C90BF005B750F /* JapanTests.xctest */;
			productType = "com.apple.product-type.bundle.unit-test";
		};
/* End PBXNativeTarget section */

/* Begin PBXProject section */
		D2088C601A8C90BF005B750F /* Project object */ = {
			isa = PBXProject;
			attributes = {
				CLASSPREFIX = LB;
				LastUpgradeCheck = 0610;
				ORGANIZATIONNAME = "i-showing";
				TargetAttributes = {
					D2088C671A8C90BF005B750F = {
						CreatedOnToolsVersion = 6.1.1;
					};
					D2088C831A8C90BF005B750F = {
						CreatedOnToolsVersion = 6.1.1;
						TestTargetID = D2088C671A8C90BF005B750F;
					};
				};
			};
			buildConfigurationList = D2088C631A8C90BF005B750F /* Build configuration list for PBXProject "Japan" */;
			compatibilityVersion = "Xcode 3.2";
			developmentRegion = English;
			hasScannedForEncodings = 0;
			knownRegions = (
				en,
				Base,
			);
			mainGroup = D2088C5F1A8C90BF005B750F;
			productRefGroup = D2088C691A8C90BF005B750F /* Products */;
			projectDirPath = "";
			projectRoot = "";
			targets = (
				D2088C671A8C90BF005B750F /* Japan */,
				D2088C831A8C90BF005B750F /* JapanTests */,
			);
		};
/* End PBXProject section */

/* Begin PBXResourcesBuildPhase section */
		D2088C661A8C90BF005B750F /* Resources */ = {
			isa = PBXResourcesBuildPhase;
			buildActionMask = 2147483647;
			files = (
				D2088CAD1A8C90F6005B750F /* Main.storyboard in Resources */,
				D2088CAC1A8C90F6005B750F /* LaunchScreen.xib in Resources */,
				D2088DC71A8CA5D4005B750F /* MJRefresh.bundle in Resources */,
				D2088DBA1A8CA5D4005B750F /* MBProgressHUD.bundle in Resources */,
				D2088DB81A8CA5D4005B750F /* IQKeyboardManager.bundle in Resources */,
				D2088CAB1A8C90F6005B750F /* Images.xcassets in Resources */,
			);
			runOnlyForDeploymentPostprocessing = 0;
		};
		D2088C821A8C90BF005B750F /* Resources */ = {
			isa = PBXResourcesBuildPhase;
			buildActionMask = 2147483647;
			files = (
			);
			runOnlyForDeploymentPostprocessing = 0;
		};
/* End PBXResourcesBuildPhase section */

/* Begin PBXSourcesBuildPhase section */
		D2088C641A8C90BF005B750F /* Sources */ = {
			isa = PBXSourcesBuildPhase;
			buildActionMask = 2147483647;
			files = (
				D2088DDE1A8CA5D4005B750F /* UIView+WebCacheOperation.m in Sources */,
				D2088DD11A8CA5D4005B750F /* SDImageCache.m in Sources */,
				D2088DCA1A8CA5D4005B750F /* MJRefreshFooterView.m in Sources */,
				D2088DCF1A8CA5D4005B750F /* MKAnnotationView+WebCache.m in Sources */,
				D2088CE81A8C98DD005B750F /* UIView+Extension.m in Sources */,
				D2088DB01A8CA5D4005B750F /* IQKeyboardManager.m in Sources */,
				D2088CE61A8C98DD005B750F /* UIImage+image.m in Sources */,
				D2088D9C1A8CA5D4005B750F /* AFSecurityPolicy.m in Sources */,
				D2088D991A8CA5D4005B750F /* AFHTTPRequestOperationManager.m in Sources */,
				D2088DA71A8CA5D4005B750F /* UIBarButtonItem+Create.m in Sources */,
				D2088D981A8CA5D4005B750F /* AFHTTPRequestOperation.m in Sources */,
				D2088DAB1A8CA5D4005B750F /* UIView+Extension.m in Sources */,
				D2088DD51A8CA5D4005B750F /* SDWebImageDownloaderOperation.m in Sources */,
				D2088DAE1A8CA5D4005B750F /* IQUIView+Hierarchy.m in Sources */,
				D2088CB41A8C92BA005B750F /* AppDelegate.m in Sources */,
				D2088DAF1A8CA5D4005B750F /* IQUIWindow+Hierarchy.m in Sources */,
				D2088CEC1A8CA167005B750F /* LBUpView.m in Sources */,
				D2088CEF1A8CA186005B750F /* LBDownView.m in Sources */,
				D2088DB51A8CA5D4005B750F /* IQTitleBarButtonItem.m in Sources */,
				D2088DB11A8CA5D4005B750F /* IQKeyboardReturnKeyHandler.m in Sources */,
				D2088DA11A8CA5D4005B750F /* NSData+Extension.m in Sources */,
				D2088DBD1A8CA5D4005B750F /* MJConst.m in Sources */,
				D2088DB61A8CA5D4005B750F /* IQToolbar.m in Sources */,
				D2088DC21A8CA5D4005B750F /* MJType.m in Sources */,
				D2088DCC1A8CA5D4005B750F /* UIScrollView+MJExtension.m in Sources */,
				D2088CE71A8C98DD005B750F /* UILabel+Extension.m in Sources */,
				D2088CE01A8C98DD005B750F /* NSMutableURLRequest+MultiPartFormData.m in Sources */,
				D2088DA41A8CA5D4005B750F /* NSObject+Extension.m in Sources */,
				D2088CF51A8CA233005B750F /* LBCommonButtom.m in Sources */,
				D2088DB31A8CA5D4005B750F /* IQTextView.m in Sources */,
				D2088DBE1A8CA5D4005B750F /* MJFoundation.m in Sources */,
				D2088DC41A8CA5D4005B750F /* NSObject+MJCoding.m in Sources */,
				D2088CB01A8C913F005B750F /* MainviewController.m in Sources */,
				D2088CDF1A8C98DD005B750F /* NSDate+LBExtension.m in Sources */,
				D2088DA51A8CA5D4005B750F /* NSString+Extension.m in Sources */,
				D2088DCE1A8CA5D4005B750F /* UIView+MJExtension.m in Sources */,
				D2088DAC1A8CA5D4005B750F /* UIView+Frame.m in Sources */,
				D2088DA91A8CA5D4005B750F /* UIImage+image.m in Sources */,
				D2088DD81A8CA5D4005B750F /* UIButton+WebCache.m in Sources */,
				D2088DD71A8CA5D4005B750F /* SDWebImagePrefetcher.m in Sources */,
				D2088DC11A8CA5D4005B750F /* MJMethod.m in Sources */,
				D2088DD31A8CA5D4005B750F /* SDWebImageDecoder.m in Sources */,
				D2088D9A1A8CA5D4005B750F /* AFHTTPSessionManager.m in Sources */,
				D2088CE91A8C98DD005B750F /* UIView+Frame.m in Sources */,
				D2088DCB1A8CA5D4005B750F /* MJRefreshHeaderView.m in Sources */,
				D2088DC61A8CA5D4005B750F /* NSObject+MJMember.m in Sources */,
				D2088C6E1A8C90BF005B750F /* main.m in Sources */,
				D2088D9D1A8CA5D4005B750F /* AFURLConnectionOperation.m in Sources */,
				D2088DB71A8CA5D4005B750F /* IQUIView+IQKeyboardToolbar.m in Sources */,
				D2088DCD1A8CA5D4005B750F /* UIScrollView+MJRefresh.m in Sources */,
				D2088DAD1A8CA5D4005B750F /* IQNSArray+Sort.m in Sources */,
				D2088DC91A8CA5D4005B750F /* MJRefreshConst.m in Sources */,
				D2088D9E1A8CA5D4005B750F /* AFURLRequestSerialization.m in Sources */,
				D2088DA01A8CA5D4005B750F /* AFURLSessionManager.m in Sources */,
				D2088DBB1A8CA5D4005B750F /* MBProgressHUD.m in Sources */,
				D2088DDC1A8CA5D4005B750F /* UIImageView+HighlightedWebCache.m in Sources */,
				D2088DD91A8CA5D4005B750F /* UIImage+GIF.m in Sources */,
				D2088DC81A8CA5D4005B750F /* MJRefreshBaseView.m in Sources */,
				D2088DD41A8CA5D4005B750F /* SDWebImageDownloader.m in Sources */,
				D2088DA31A8CA5D4005B750F /* NSMutableURLRequest+MultiPartFormData.m in Sources */,
				D2088DDB1A8CA5D4005B750F /* UIImage+WebP.m in Sources */,
				D2088DC51A8CA5D4005B750F /* NSObject+MJKeyValue.m in Sources */,
				D2088DAA1A8CA5D4005B750F /* UILabel+Extension.m in Sources */,
				D2088DD61A8CA5D4005B750F /* SDWebImageManager.m in Sources */,
				D2088DC01A8CA5D4005B750F /* MJMember.m in Sources */,
				D2088D9F1A8CA5D4005B750F /* AFURLResponseSerialization.m in Sources */,
				D2088CE31A8C98DD005B750F /* NSString+Helper.m in Sources */,
				D2088CE41A8C98DD005B750F /* UIBarButtonItem+Create.m in Sources */,
				D2088DB41A8CA5D4005B750F /* IQBarButtonItem.m in Sources */,
				D2088DDA1A8CA5D4005B750F /* UIImage+MultiFormat.m in Sources */,
				D2088DD01A8CA5D4005B750F /* NSData+ImageContentType.m in Sources */,
				D2088DBF1A8CA5D4005B750F /* MJIvar.m in Sources */,
				D2088CC51A8C973F005B750F /* URLService.m in Sources */,
				D2088DDD1A8CA5D4005B750F /* UIImageView+WebCache.m in Sources */,
				D2088DBC1A8CA5D4005B750F /* MJArgument.m in Sources */,
				D2088DD21A8CA5D4005B750F /* SDWebImageCompat.m in Sources */,
				D2088DB91A8CA5D4005B750F /* MBProgressHUD+MJ.m in Sources */,
				D2088CDE1A8C98DD005B750F /* NSData+Extension.m in Sources */,
				D2088DB21A8CA5D4005B750F /* IQSegmentedNextPrevious.m in Sources */,
				D2088DA21A8CA5D4005B750F /* NSDate+LBExtension.m in Sources */,
				D2088DA81A8CA5D4005B750F /* UIButton+Extension.m in Sources */,
				D2088DC31A8CA5D4005B750F /* MJTypeEncoding.m in Sources */,
				D2088CE21A8C98DD005B750F /* NSString+Extension.m in Sources */,
				D2088D9B1A8CA5D4005B750F /* AFNetworkReachabilityManager.m in Sources */,
				D2088CE11A8C98DD005B750F /* NSObject+Extension.m in Sources */,
				D2088DA61A8CA5D4005B750F /* NSString+Helper.m in Sources */,
			);
			runOnlyForDeploymentPostprocessing = 0;
		};
		D2088C801A8C90BF005B750F /* Sources */ = {
			isa = PBXSourcesBuildPhase;
			buildActionMask = 2147483647;
			files = (
				D2088C8B1A8C90BF005B750F /* JapanTests.m in Sources */,
			);
			runOnlyForDeploymentPostprocessing = 0;
		};
/* End PBXSourcesBuildPhase section */

/* Begin PBXTargetDependency section */
		D2088C861A8C90BF005B750F /* PBXTargetDependency */ = {
			isa = PBXTargetDependency;
			target = D2088C671A8C90BF005B750F /* Japan */;
			targetProxy = D2088C851A8C90BF005B750F /* PBXContainerItemProxy */;
		};
/* End PBXTargetDependency section */

/* Begin XCBuildConfiguration section */
		D2088C8C1A8C90BF005B750F /* Debug */ = {
			isa = XCBuildConfiguration;
			buildSettings = {
				ALWAYS_SEARCH_USER_PATHS = NO;
				CLANG_CXX_LANGUAGE_STANDARD = "gnu++0x";
				CLANG_CXX_LIBRARY = "libc++";
				CLANG_ENABLE_MODULES = YES;
				CLANG_ENABLE_OBJC_ARC = YES;
				CLANG_WARN_BOOL_CONVERSION = YES;
				CLANG_WARN_CONSTANT_CONVERSION = YES;
				CLANG_WARN_DIRECT_OBJC_ISA_USAGE = YES_ERROR;
				CLANG_WARN_EMPTY_BODY = YES;
				CLANG_WARN_ENUM_CONVERSION = YES;
				CLANG_WARN_INT_CONVERSION = YES;
				CLANG_WARN_OBJC_ROOT_CLASS = YES_ERROR;
				CLANG_WARN_UNREACHABLE_CODE = YES;
				CLANG_WARN__DUPLICATE_METHOD_MATCH = YES;
				"CODE_SIGN_IDENTITY[sdk=iphoneos*]" = "iPhone Developer";
				COPY_PHASE_STRIP = NO;
				ENABLE_STRICT_OBJC_MSGSEND = YES;
				GCC_C_LANGUAGE_STANDARD = gnu99;
				GCC_DYNAMIC_NO_PIC = NO;
				GCC_OPTIMIZATION_LEVEL = 0;
				GCC_PREPROCESSOR_DEFINITIONS = (
					"DEBUG=1",
					"$(inherited)",
				);
				GCC_SYMBOLS_PRIVATE_EXTERN = NO;
				GCC_WARN_64_TO_32_BIT_CONVERSION = YES;
				GCC_WARN_ABOUT_RETURN_TYPE = YES_ERROR;
				GCC_WARN_UNDECLARED_SELECTOR = YES;
				GCC_WARN_UNINITIALIZED_AUTOS = YES_AGGRESSIVE;
				GCC_WARN_UNUSED_FUNCTION = YES;
				GCC_WARN_UNUSED_VARIABLE = YES;
				IPHONEOS_DEPLOYMENT_TARGET = 8.1;
				MTL_ENABLE_DEBUG_INFO = YES;
				ONLY_ACTIVE_ARCH = YES;
				SDKROOT = iphoneos;
			};
			name = Debug;
		};
		D2088C8D1A8C90BF005B750F /* Release */ = {
			isa = XCBuildConfiguration;
			buildSettings = {
				ALWAYS_SEARCH_USER_PATHS = NO;
				CLANG_CXX_LANGUAGE_STANDARD = "gnu++0x";
				CLANG_CXX_LIBRARY = "libc++";
				CLANG_ENABLE_MODULES = YES;
				CLANG_ENABLE_OBJC_ARC = YES;
				CLANG_WARN_BOOL_CONVERSION = YES;
				CLANG_WARN_CONSTANT_CONVERSION = YES;
				CLANG_WARN_DIRECT_OBJC_ISA_USAGE = YES_ERROR;
				CLANG_WARN_EMPTY_BODY = YES;
				CLANG_WARN_ENUM_CONVERSION = YES;
				CLANG_WARN_INT_CONVERSION = YES;
				CLANG_WARN_OBJC_ROOT_CLASS = YES_ERROR;
				CLANG_WARN_UNREACHABLE_CODE = YES;
				CLANG_WARN__DUPLICATE_METHOD_MATCH = YES;
				"CODE_SIGN_IDENTITY[sdk=iphoneos*]" = "iPhone Developer";
				COPY_PHASE_STRIP = YES;
				ENABLE_NS_ASSERTIONS = NO;
				ENABLE_STRICT_OBJC_MSGSEND = YES;
				GCC_C_LANGUAGE_STANDARD = gnu99;
				GCC_WARN_64_TO_32_BIT_CONVERSION = YES;
				GCC_WARN_ABOUT_RETURN_TYPE = YES_ERROR;
				GCC_WARN_UNDECLARED_SELECTOR = YES;
				GCC_WARN_UNINITIALIZED_AUTOS = YES_AGGRESSIVE;
				GCC_WARN_UNUSED_FUNCTION = YES;
				GCC_WARN_UNUSED_VARIABLE = YES;
				IPHONEOS_DEPLOYMENT_TARGET = 8.1;
				MTL_ENABLE_DEBUG_INFO = NO;
				SDKROOT = iphoneos;
				VALIDATE_PRODUCT = YES;
			};
			name = Release;
		};
		D2088C8F1A8C90BF005B750F /* Debug */ = {
			isa = XCBuildConfiguration;
			buildSettings = {
				ASSETCATALOG_COMPILER_APPICON_NAME = AppIcon;
				GCC_PRECOMPILE_PREFIX_HEADER = YES;
				GCC_PREFIX_HEADER = Japan/Classes/Other/URLService/Japan.pch;
				INFOPLIST_FILE = Japan/Info.plist;
				LD_RUNPATH_SEARCH_PATHS = "$(inherited) @executable_path/Frameworks";
				PRODUCT_NAME = "$(TARGET_NAME)";
			};
			name = Debug;
		};
		D2088C901A8C90BF005B750F /* Release */ = {
			isa = XCBuildConfiguration;
			buildSettings = {
				ASSETCATALOG_COMPILER_APPICON_NAME = AppIcon;
				GCC_PRECOMPILE_PREFIX_HEADER = YES;
				GCC_PREFIX_HEADER = Japan/Classes/Other/URLService/Japan.pch;
				INFOPLIST_FILE = Japan/Info.plist;
				LD_RUNPATH_SEARCH_PATHS = "$(inherited) @executable_path/Frameworks";
				PRODUCT_NAME = "$(TARGET_NAME)";
			};
			name = Release;
		};
		D2088C921A8C90BF005B750F /* Debug */ = {
			isa = XCBuildConfiguration;
			buildSettings = {
				BUNDLE_LOADER = "$(TEST_HOST)";
				FRAMEWORK_SEARCH_PATHS = (
					"$(SDKROOT)/Developer/Library/Frameworks",
					"$(inherited)",
				);
				GCC_PREPROCESSOR_DEFINITIONS = (
					"DEBUG=1",
					"$(inherited)",
				);
				INFOPLIST_FILE = JapanTests/Info.plist;
				LD_RUNPATH_SEARCH_PATHS = "$(inherited) @executable_path/Frameworks @loader_path/Frameworks";
				PRODUCT_NAME = "$(TARGET_NAME)";
				TEST_HOST = "$(BUILT_PRODUCTS_DIR)/Japan.app/Japan";
			};
			name = Debug;
		};
		D2088C931A8C90BF005B750F /* Release */ = {
			isa = XCBuildConfiguration;
			buildSettings = {
				BUNDLE_LOADER = "$(TEST_HOST)";
				FRAMEWORK_SEARCH_PATHS = (
					"$(SDKROOT)/Developer/Library/Frameworks",
					"$(inherited)",
				);
				INFOPLIST_FILE = JapanTests/Info.plist;
				LD_RUNPATH_SEARCH_PATHS = "$(inherited) @executable_path/Frameworks @loader_path/Frameworks";
				PRODUCT_NAME = "$(TARGET_NAME)";
				TEST_HOST = "$(BUILT_PRODUCTS_DIR)/Japan.app/Japan";
			};
			name = Release;
		};
/* End XCBuildConfiguration section */

/* Begin XCConfigurationList section */
		D2088C631A8C90BF005B750F /* Build configuration list for PBXProject "Japan" */ = {
			isa = XCConfigurationList;
			buildConfigurations = (
				D2088C8C1A8C90BF005B750F /* Debug */,
				D2088C8D1A8C90BF005B750F /* Release */,
			);
			defaultConfigurationIsVisible = 0;
			defaultConfigurationName = Release;
		};
		D2088C8E1A8C90BF005B750F /* Build configuration list for PBXNativeTarget "Japan" */ = {
			isa = XCConfigurationList;
			buildConfigurations = (
				D2088C8F1A8C90BF005B750F /* Debug */,
				D2088C901A8C90BF005B750F /* Release */,
			);
			defaultConfigurationIsVisible = 0;
			defaultConfigurationName = Release;
		};
		D2088C911A8C90BF005B750F /* Build configuration list for PBXNativeTarget "JapanTests" */ = {
			isa = XCConfigurationList;
			buildConfigurations = (
				D2088C921A8C90BF005B750F /* Debug */,
				D2088C931A8C90BF005B750F /* Release */,
			);
			defaultConfigurationIsVisible = 0;
			defaultConfigurationName = Release;
		};
/* End XCConfigurationList section */
	};
	rootObject = D2088C601A8C90BF005B750F /* Project object */;
}
