// !$*UTF8*$!
{
	archiveVersion = 1;
	classes = {
	};
	objectVersion = 46;
	objects = {

/* Begin PBXBuildFile section */
		D2088C6E1A8C90BF005B750F /* main.m in Sources */ = {isa = PBXBuildFile; fileRef = D2088C6D1A8C90BF005B750F /* main.m */; };
		D2088C8B1A8C90BF005B750F /* JapanTests.m in Sources */ = {isa = PBXBuildFile; fileRef = D2088C8A1A8C90BF005B750F /* JapanTests.m */; };
		D2088CAB1A8C90F6005B750F /* Images.xcassets in Resources */ = {isa = PBXBuildFile; fileRef = D2088CA81A8C90F6005B750F /* Images.xcassets */; };
		D2088CAC1A8C90F6005B750F /* LaunchScreen.xib in Resources */ = {isa = PBXBuildFile; fileRef = D2088CA91A8C90F6005B750F /* LaunchScreen.xib */; };
		D2088CAD1A8C90F6005B750F /* Main.storyboard in Resources */ = {isa = PBXBuildFile; fileRef = D2088CAA1A8C90F6005B750F /* Main.storyboard */; };
		D2088CB01A8C913F005B750F /* MainviewController.m in Sources */ = {isa = PBXBuildFile; fileRef = D2088CAF1A8C913F005B750F /* MainviewController.m */; };
		D2088CB41A8C92BA005B750F /* AppDelegate.m in Sources */ = {isa = PBXBuildFile; fileRef = D2088CB31A8C92BA005B750F /* AppDelegate.m */; };
		D2088CC51A8C973F005B750F /* URLService.m in Sources */ = {isa = PBXBuildFile; fileRef = D2088CC41A8C973F005B750F /* URLService.m */; };
		D2088CDE1A8C98DD005B750F /* NSData+Extension.m in Sources */ = {isa = PBXBuildFile; fileRef = D2088CC71A8C98DD005B750F /* NSData+Extension.m */; };
		D2088CDF1A8C98DD005B750F /* NSDate+LBExtension.m in Sources */ = {isa = PBXBuildFile; fileRef = D2088CC91A8C98DD005B750F /* NSDate+LBExtension.m */; };
		D2088CE01A8C98DD005B750F /* NSMutableURLRequest+MultiPartFormData.m in Sources */ = {isa = PBXBuildFile; fileRef = D2088CCB1A8C98DD005B750F /* NSMutableURLRequest+MultiPartFormData.m */; };
		D2088CE11A8C98DD005B750F /* NSObject+Extension.m in Sources */ = {isa = PBXBuildFile; fileRef = D2088CCD1A8C98DD005B750F /* NSObject+Extension.m */; };
		D2088CE21A8C98DD005B750F /* NSString+Extension.m in Sources */ = {isa = PBXBuildFile; fileRef = D2088CCF1A8C98DD005B750F /* NSString+Extension.m */; };
		D2088CE31A8C98DD005B750F /* NSString+Helper.m in Sources */ = {isa = PBXBuildFile; fileRef = D2088CD11A8C98DD005B750F /* NSString+Helper.m */; };
		D2088CE41A8C98DD005B750F /* UIBarButtonItem+Create.m in Sources */ = {isa = PBXBuildFile; fileRef = D2088CD31A8C98DD005B750F /* UIBarButtonItem+Create.m */; };
		D2088CE61A8C98DD005B750F /* UIImage+image.m in Sources */ = {isa = PBXBuildFile; fileRef = D2088CD71A8C98DD005B750F /* UIImage+image.m */; };
		D2088CE71A8C98DD005B750F /* UILabel+Extension.m in Sources */ = {isa = PBXBuildFile; fileRef = D2088CD91A8C98DD005B750F /* UILabel+Extension.m */; };
		D2088CE81A8C98DD005B750F /* UIView+Extension.m in Sources */ = {isa = PBXBuildFile; fileRef = D2088CDB1A8C98DD005B750F /* UIView+Extension.m */; };
		D2088CE91A8C98DD005B750F /* UIView+Frame.m in Sources */ = {isa = PBXBuildFile; fileRef = D2088CDD1A8C98DD005B750F /* UIView+Frame.m */; };
		D2088CEC1A8CA167005B750F /* LBUpView.m in Sources */ = {isa = PBXBuildFile; fileRef = D2088CEB1A8CA167005B750F /* LBUpView.m */; };
		D2088CEF1A8CA186005B750F /* LBDownView.m in Sources */ = {isa = PBXBuildFile; fileRef = D2088CEE1A8CA186005B750F /* LBDownView.m */; };
		D2088CF51A8CA233005B750F /* LBCommonButtom.m in Sources */ = {isa = PBXBuildFile; fileRef = D2088CF41A8CA233005B750F /* LBCommonButtom.m */; };
/* End PBXBuildFile section */

/* Begin PBXContainerItemProxy section */
		D2088C851A8C90BF005B750F /* PBXContainerItemProxy */ = {
			isa = PBXContainerItemProxy;
			containerPortal = D2088C601A8C90BF005B750F /* Project object */;
			proxyType = 1;
			remoteGlobalIDString = D2088C671A8C90BF005B750F;
			remoteInfo = Japan;
		};
/* End PBXContainerItemProxy section */

/* Begin PBXFileReference section */
		D2088C681A8C90BF005B750F /* Japan.app */ = {isa = PBXFileReference; explicitFileType = wrapper.application; includeInIndex = 0; path = Japan.app; sourceTree = BUILT_PRODUCTS_DIR; };
		D2088C6C1A8C90BF005B750F /* Info.plist */ = {isa = PBXFileReference; lastKnownFileType = text.plist.xml; path = Info.plist; sourceTree = "<group>"; };
		D2088C6D1A8C90BF005B750F /* main.m */ = {isa = PBXFileReference; lastKnownFileType = sourcecode.c.objc; path = main.m; sourceTree = "<group>"; };
		D2088C841A8C90BF005B750F /* JapanTests.xctest */ = {isa = PBXFileReference; explicitFileType = wrapper.cfbundle; includeInIndex = 0; path = JapanTests.xctest; sourceTree = BUILT_PRODUCTS_DIR; };
		D2088C891A8C90BF005B750F /* Info.plist */ = {isa = PBXFileReference; lastKnownFileType = text.plist.xml; path = Info.plist; sourceTree = "<group>"; };
		D2088C8A1A8C90BF005B750F /* JapanTests.m */ = {isa = PBXFileReference; lastKnownFileType = sourcecode.c.objc; path = JapanTests.m; sourceTree = "<group>"; };
		D2088CA81A8C90F6005B750F /* Images.xcassets */ = {isa = PBXFileReference; lastKnownFileType = folder.assetcatalog; path = Images.xcassets; sourceTree = "<group>"; };
		D2088CA91A8C90F6005B750F /* LaunchScreen.xib */ = {isa = PBXFileReference; fileEncoding = 4; lastKnownFileType = file.xib; path = LaunchScreen.xib; sourceTree = "<group>"; };
		D2088CAA1A8C90F6005B750F /* Main.storyboard */ = {isa = PBXFileReference; fileEncoding = 4; lastKnownFileType = file.storyboard; path = Main.storyboard; sourceTree = "<group>"; };
		D2088CAE1A8C913F005B750F /* MainviewController.h */ = {isa = PBXFileReference; fileEncoding = 4; lastKnownFileType = sourcecode.c.h; path = MainviewController.h; sourceTree = "<group>"; };
		D2088CAF1A8C913F005B750F /* MainviewController.m */ = {isa = PBXFileReference; fileEncoding = 4; lastKnownFileType = sourcecode.c.objc; path = MainviewController.m; sourceTree = "<group>"; };
		D2088CB21A8C92BA005B750F /* AppDelegate.h */ = {isa = PBXFileReference; fileEncoding = 4; lastKnownFileType = sourcecode.c.h; path = AppDelegate.h; sourceTree = "<group>"; };
		D2088CB31A8C92BA005B750F /* AppDelegate.m */ = {isa = PBXFileReference; fileEncoding = 4; lastKnownFileType = sourcecode.c.objc; path = AppDelegate.m; sourceTree = "<group>"; };
		D2088CC11A8C973F005B750F /* common.h */ = {isa = PBXFileReference; fileEncoding = 4; lastKnownFileType = sourcecode.c.h; path = common.h; sourceTree = "<group>"; };
		D2088CC21A8C973F005B750F /* Japan.pch */ = {isa = PBXFileReference; fileEncoding = 4; lastKnownFileType = sourcecode.c.h; path = Japan.pch; sourceTree = "<group>"; };
		D2088CC31A8C973F005B750F /* URLService.h */ = {isa = PBXFileReference; fileEncoding = 4; lastKnownFileType = sourcecode.c.h; path = URLService.h; sourceTree = "<group>"; };
		D2088CC41A8C973F005B750F /* URLService.m */ = {isa = PBXFileReference; fileEncoding = 4; lastKnownFileType = sourcecode.c.objc; path = URLService.m; sourceTree = "<group>"; };
		D2088CC61A8C98DD005B750F /* NSData+Extension.h */ = {isa = PBXFileReference; fileEncoding = 4; lastKnownFileType = sourcecode.c.h; path = "NSData+Extension.h"; sourceTree = "<group>"; };
		D2088CC71A8C98DD005B750F /* NSData+Extension.m */ = {isa = PBXFileReference; fileEncoding = 4; lastKnownFileType = sourcecode.c.objc; path = "NSData+Extension.m"; sourceTree = "<group>"; };
		D2088CC81A8C98DD005B750F /* NSDate+LBExtension.h */ = {isa = PBXFileReference; fileEncoding = 4; lastKnownFileType = sourcecode.c.h; path = "NSDate+LBExtension.h"; sourceTree = "<group>"; };
		D2088CC91A8C98DD005B750F /* NSDate+LBExtension.m */ = {isa = PBXFileReference; fileEncoding = 4; lastKnownFileType = sourcecode.c.objc; path = "NSDate+LBExtension.m"; sourceTree = "<group>"; };
		D2088CCA1A8C98DD005B750F /* NSMutableURLRequest+MultiPartFormData.h */ = {isa = PBXFileReference; fileEncoding = 4; lastKnownFileType = sourcecode.c.h; path = "NSMutableURLRequest+MultiPartFormData.h"; sourceTree = "<group>"; };
		D2088CCB1A8C98DD005B750F /* NSMutableURLRequest+MultiPartFormData.m */ = {isa = PBXFileReference; fileEncoding = 4; lastKnownFileType = sourcecode.c.objc; path = "NSMutableURLRequest+MultiPartFormData.m"; sourceTree = "<group>"; };
		D2088CCC1A8C98DD005B750F /* NSObject+Extension.h */ = {isa = PBXFileReference; fileEncoding = 4; lastKnownFileType = sourcecode.c.h; path = "NSObject+Extension.h"; sourceTree = "<group>"; };
		D2088CCD1A8C98DD005B750F /* NSObject+Extension.m */ = {isa = PBXFileReference; fileEncoding = 4; lastKnownFileType = sourcecode.c.objc; path = "NSObject+Extension.m"; sourceTree = "<group>"; };
		D2088CCE1A8C98DD005B750F /* NSString+Extension.h */ = {isa = PBXFileReference; fileEncoding = 4; lastKnownFileType = sourcecode.c.h; path = "NSString+Extension.h"; sourceTree = "<group>"; };
		D2088CCF1A8C98DD005B750F /* NSString+Extension.m */ = {isa = PBXFileReference; fileEncoding = 4; lastKnownFileType = sourcecode.c.objc; path = "NSString+Extension.m"; sourceTree = "<group>"; };
		D2088CD01A8C98DD005B750F /* NSString+Helper.h */ = {isa = PBXFileReference; fileEncoding = 4; lastKnownFileType = sourcecode.c.h; path = "NSString+Helper.h"; sourceTree = "<group>"; };
		D2088CD11A8C98DD005B750F /* NSString+Helper.m */ = {isa = PBXFileReference; fileEncoding = 4; lastKnownFileType = sourcecode.c.objc; path = "NSString+Helper.m"; sourceTree = "<group>"; };
		D2088CD21A8C98DD005B750F /* UIBarButtonItem+Create.h */ = {isa = PBXFileReference; fileEncoding = 4; lastKnownFileType = sourcecode.c.h; path = "UIBarButtonItem+Create.h"; sourceTree = "<group>"; };
		D2088CD31A8C98DD005B750F /* UIBarButtonItem+Create.m */ = {isa = PBXFileReference; fileEncoding = 4; lastKnownFileType = sourcecode.c.objc; path = "UIBarButtonItem+Create.m"; sourceTree = "<group>"; };
		D2088CD61A8C98DD005B750F /* UIImage+image.h */ = {isa = PBXFileReference; fileEncoding = 4; lastKnownFileType = sourcecode.c.h; path = "UIImage+image.h"; sourceTree = "<group>"; };
		D2088CD71A8C98DD005B750F /* UIImage+image.m */ = {isa = PBXFileReference; fileEncoding = 4; lastKnownFileType = sourcecode.c.objc; path = "UIImage+image.m"; sourceTree = "<group>"; };
		D2088CD81A8C98DD005B750F /* UILabel+Extension.h */ = {isa = PBXFileReference; fileEncoding = 4; lastKnownFileType = sourcecode.c.h; path = "UILabel+Extension.h"; sourceTree = "<group>"; };
		D2088CD91A8C98DD005B750F /* UILabel+Extension.m */ = {isa = PBXFileReference; fileEncoding = 4; lastKnownFileType = sourcecode.c.objc; path = "UILabel+Extension.m"; sourceTree = "<group>"; };
		D2088CDA1A8C98DD005B750F /* UIView+Extension.h */ = {isa = PBXFileReference; fileEncoding = 4; lastKnownFileType = sourcecode.c.h; path = "UIView+Extension.h"; sourceTree = "<group>"; };
		D2088CDB1A8C98DD005B750F /* UIView+Extension.m */ = {isa = PBXFileReference; fileEncoding = 4; lastKnownFileType = sourcecode.c.objc; path = "UIView+Extension.m"; sourceTree = "<group>"; };
		D2088CDC1A8C98DD005B750F /* UIView+Frame.h */ = {isa = PBXFileReference; fileEncoding = 4; lastKnownFileType = sourcecode.c.h; path = "UIView+Frame.h"; sourceTree = "<group>"; };
		D2088CDD1A8C98DD005B750F /* UIView+Frame.m */ = {isa = PBXFileReference; fileEncoding = 4; lastKnownFileType = sourcecode.c.objc; path = "UIView+Frame.m"; sourceTree = "<group>"; };
		D2088CEA1A8CA167005B750F /* LBUpView.h */ = {isa = PBXFileReference; fileEncoding = 4; lastKnownFileType = sourcecode.c.h; path = LBUpView.h; sourceTree = "<group>"; };
		D2088CEB1A8CA167005B750F /* LBUpView.m */ = {isa = PBXFileReference; fileEncoding = 4; lastKnownFileType = sourcecode.c.objc; path = LBUpView.m; sourceTree = "<group>"; };
		D2088CED1A8CA186005B750F /* LBDownView.h */ = {isa = PBXFileReference; fileEncoding = 4; lastKnownFileType = sourcecode.c.h; path = LBDownView.h; sourceTree = "<group>"; };
		D2088CEE1A8CA186005B750F /* LBDownView.m */ = {isa = PBXFileReference; fileEncoding = 4; lastKnownFileType = sourcecode.c.objc; path = LBDownView.m; sourceTree = "<group>"; };
		D2088CF31A8CA233005B750F /* LBCommonButtom.h */ = {isa = PBXFileReference; fileEncoding = 4; lastKnownFileType = sourcecode.c.h; path = LBCommonButtom.h; sourceTree = "<group>"; };
		D2088CF41A8CA233005B750F /* LBCommonButtom.m */ = {isa = PBXFileReference; fileEncoding = 4; lastKnownFileType = sourcecode.c.objc; path = LBCommonButtom.m; sourceTree = "<group>"; };
/* End PBXFileReference section */

/* Begin PBXFrameworksBuildPhase section */
		D2088C651A8C90BF005B750F /* Frameworks */ = {
			isa = PBXFrameworksBuildPhase;
			buildActionMask = 2147483647;
			files = (
			);
			runOnlyForDeploymentPostprocessing = 0;
		};
		D2088C811A8C90BF005B750F /* Frameworks */ = {
			isa = PBXFrameworksBuildPhase;
			buildActionMask = 2147483647;
			files = (
			);
			runOnlyForDeploymentPostprocessing = 0;
		};
/* End PBXFrameworksBuildPhase section */

/* Begin PBXGroup section */
		D2088C5F1A8C90BF005B750F = {
			isa = PBXGroup;
			children = (
				D2088C6A1A8C90BF005B750F /* Japan */,
				D2088C871A8C90BF005B750F /* JapanTests */,
				D2088C691A8C90BF005B750F /* Products */,
			);
			sourceTree = "<group>";
		};
		D2088C691A8C90BF005B750F /* Products */ = {
			isa = PBXGroup;
			children = (
				D2088C681A8C90BF005B750F /* Japan.app */,
				D2088C841A8C90BF005B750F /* JapanTests.xctest */,
			);
			name = Products;
			sourceTree = "<group>";
		};
		D2088C6A1A8C90BF005B750F /* Japan */ = {
			isa = PBXGroup;
			children = (
				D2088C941A8C90D2005B750F /* Classes */,
				D2088C6B1A8C90BF005B750F /* Supporting Files */,
			);
			path = Japan;
			sourceTree = "<group>";
		};
		D2088C6B1A8C90BF005B750F /* Supporting Files */ = {
			isa = PBXGroup;
			children = (
				D2088C6C1A8C90BF005B750F /* Info.plist */,
				D2088C6D1A8C90BF005B750F /* main.m */,
			);
			name = "Supporting Files";
			sourceTree = "<group>";
		};
		D2088C871A8C90BF005B750F /* JapanTests */ = {
			isa = PBXGroup;
			children = (
				D2088C8A1A8C90BF005B750F /* JapanTests.m */,
				D2088C881A8C90BF005B750F /* Supporting Files */,
			);
			path = JapanTests;
			sourceTree = "<group>";
		};
		D2088C881A8C90BF005B750F /* Supporting Files */ = {
			isa = PBXGroup;
			children = (
				D2088C891A8C90BF005B750F /* Info.plist */,
			);
			name = "Supporting Files";
			sourceTree = "<group>";
		};
		D2088C941A8C90D2005B750F /* Classes */ = {
			isa = PBXGroup;
			children = (
				D2088CF01A8CA20E005B750F /* Common */,
				D2088CB11A8C92BA005B750F /* Launch */,
				D2088C951A8C90D2005B750F /* ApplyJob */,
				D2088C991A8C90D2005B750F /* Main */,
				D2088C9D1A8C90D2005B750F /* Other */,
				D2088CA21A8C90D2005B750F /* RealEstate */,
				D2088CA61A8C90D2005B750F /* Stroy */,
			);
			path = Classes;
			sourceTree = "<group>";
		};
		D2088C951A8C90D2005B750F /* ApplyJob */ = {
			isa = PBXGroup;
			children = (
				D2088C961A8C90D2005B750F /* Controller */,
				D2088C971A8C90D2005B750F /* Model */,
				D2088C981A8C90D2005B750F /* View */,
			);
			path = ApplyJob;
			sourceTree = "<group>";
		};
		D2088C961A8C90D2005B750F /* Controller */ = {
			isa = PBXGroup;
			children = (
			);
			path = Controller;
			sourceTree = "<group>";
		};
		D2088C971A8C90D2005B750F /* Model */ = {
			isa = PBXGroup;
			children = (
			);
			path = Model;
			sourceTree = "<group>";
		};
		D2088C981A8C90D2005B750F /* View */ = {
			isa = PBXGroup;
			children = (
			);
			path = View;
			sourceTree = "<group>";
		};
		D2088C991A8C90D2005B750F /* Main */ = {
			isa = PBXGroup;
			children = (
				D2088C9A1A8C90D2005B750F /* Controller */,
				D2088C9B1A8C90D2005B750F /* Model */,
				D2088C9C1A8C90D2005B750F /* View */,
			);
			path = Main;
			sourceTree = "<group>";
		};
		D2088C9A1A8C90D2005B750F /* Controller */ = {
			isa = PBXGroup;
			children = (
				D2088CAE1A8C913F005B750F /* MainviewController.h */,
				D2088CAF1A8C913F005B750F /* MainviewController.m */,
			);
			path = Controller;
			sourceTree = "<group>";
		};
		D2088C9B1A8C90D2005B750F /* Model */ = {
			isa = PBXGroup;
			children = (
			);
			path = Model;
			sourceTree = "<group>";
		};
		D2088C9C1A8C90D2005B750F /* View */ = {
			isa = PBXGroup;
			children = (
				D2088CEA1A8CA167005B750F /* LBUpView.h */,
				D2088CEB1A8CA167005B750F /* LBUpView.m */,
				D2088CED1A8CA186005B750F /* LBDownView.h */,
				D2088CEE1A8CA186005B750F /* LBDownView.m */,
			);
			path = View;
			sourceTree = "<group>";
		};
		D2088C9D1A8C90D2005B750F /* Other */ = {
			isa = PBXGroup;
			children = (
				D2088CC01A8C973F005B750F /* URLService */,
				D2088CA01A8C90D2005B750F /* Category */,
				D2088CA11A8C90D2005B750F /* Lib */,
			);
			path = Other;
			sourceTree = "<group>";
		};
		D2088CA01A8C90D2005B750F /* Category */ = {
			isa = PBXGroup;
			children = (
				D2088CC61A8C98DD005B750F /* NSData+Extension.h */,
				D2088CC71A8C98DD005B750F /* NSData+Extension.m */,
				D2088CC81A8C98DD005B750F /* NSDate+LBExtension.h */,
				D2088CC91A8C98DD005B750F /* NSDate+LBExtension.m */,
				D2088CCA1A8C98DD005B750F /* NSMutableURLRequest+MultiPartFormData.h */,
				D2088CCB1A8C98DD005B750F /* NSMutableURLRequest+MultiPartFormData.m */,
				D2088CCC1A8C98DD005B750F /* NSObject+Extension.h */,
				D2088CCD1A8C98DD005B750F /* NSObject+Extension.m */,
				D2088CCE1A8C98DD005B750F /* NSString+Extension.h */,
				D2088CCF1A8C98DD005B750F /* NSString+Extension.m */,
				D2088CD01A8C98DD005B750F /* NSString+Helper.h */,
				D2088CD11A8C98DD005B750F /* NSString+Helper.m */,
				D2088CD21A8C98DD005B750F /* UIBarButtonItem+Create.h */,
				D2088CD31A8C98DD005B750F /* UIBarButtonItem+Create.m */,
				D2088CD61A8C98DD005B750F /* UIImage+image.h */,
				D2088CD71A8C98DD005B750F /* UIImage+image.m */,
				D2088CD81A8C98DD005B750F /* UILabel+Extension.h */,
				D2088CD91A8C98DD005B750F /* UILabel+Extension.m */,
				D2088CDA1A8C98DD005B750F /* UIView+Extension.h */,
				D2088CDB1A8C98DD005B750F /* UIView+Extension.m */,
				D2088CDC1A8C98DD005B750F /* UIView+Frame.h */,
				D2088CDD1A8C98DD005B750F /* UIView+Frame.m */,
			);
			path = Category;
			sourceTree = "<group>";
		};
		D2088CA11A8C90D2005B750F /* Lib */ = {
			isa = PBXGroup;
			children = (
			);
			path = Lib;
			sourceTree = "<group>";
		};
		D2088CA21A8C90D2005B750F /* RealEstate */ = {
			isa = PBXGroup;
			children = (
				D2088CA31A8C90D2005B750F /* Controller */,
				D2088CA41A8C90D2005B750F /* Model */,
				D2088CA51A8C90D2005B750F /* View */,
			);
			path = RealEstate;
			sourceTree = "<group>";
		};
		D2088CA31A8C90D2005B750F /* Controller */ = {
			isa = PBXGroup;
			children = (
			);
			path = Controller;
			sourceTree = "<group>";
		};
		D2088CA41A8C90D2005B750F /* Model */ = {
			isa = PBXGroup;
			children = (
			);
			path = Model;
			sourceTree = "<group>";
		};
		D2088CA51A8C90D2005B750F /* View */ = {
			isa = PBXGroup;
			children = (
			);
			path = View;
			sourceTree = "<group>";
		};
		D2088CA61A8C90D2005B750F /* Stroy */ = {
			isa = PBXGroup;
			children = (
				D2088CA81A8C90F6005B750F /* Images.xcassets */,
				D2088CA91A8C90F6005B750F /* LaunchScreen.xib */,
				D2088CAA1A8C90F6005B750F /* Main.storyboard */,
			);
			path = Stroy;
			sourceTree = "<group>";
		};
		D2088CB11A8C92BA005B750F /* Launch */ = {
			isa = PBXGroup;
			children = (
				D2088CB21A8C92BA005B750F /* AppDelegate.h */,
				D2088CB31A8C92BA005B750F /* AppDelegate.m */,
			);
			path = Launch;
			sourceTree = "<group>";
		};
		D2088CC01A8C973F005B750F /* URLService */ = {
			isa = PBXGroup;
			children = (
				D2088CC11A8C973F005B750F /* common.h */,
				D2088CC21A8C973F005B750F /* Japan.pch */,
				D2088CC31A8C973F005B750F /* URLService.h */,
				D2088CC41A8C973F005B750F /* URLService.m */,
			);
			path = URLService;
			sourceTree = "<group>";
		};
		D2088CF01A8CA20E005B750F /* Common */ = {
			isa = PBXGroup;
			children = (
				D2088CF11A8CA220005B750F /* Model */,
				D2088CF21A8CA220005B750F /* View */,
			);
			path = Common;
			sourceTree = "<group>";
		};
		D2088CF11A8CA220005B750F /* Model */ = {
			isa = PBXGroup;
			children = (
			);
			path = Model;
			sourceTree = "<group>";
		};
		D2088CF21A8CA220005B750F /* View */ = {
			isa = PBXGroup;
			children = (
				D2088CF31A8CA233005B750F /* LBCommonButtom.h */,
				D2088CF41A8CA233005B750F /* LBCommonButtom.m */,
			);
			path = View;
			sourceTree = "<group>";
		};
/* End PBXGroup section */

/* Begin PBXNativeTarget section */
		D2088C671A8C90BF005B750F /* Japan */ = {
			isa = PBXNativeTarget;
			buildConfigurationList = D2088C8E1A8C90BF005B750F /* Build configuration list for PBXNativeTarget "Japan" */;
			buildPhases = (
				D2088C641A8C90BF005B750F /* Sources */,
				D2088C651A8C90BF005B750F /* Frameworks */,
				D2088C661A8C90BF005B750F /* Resources */,
			);
			buildRules = (
			);
			dependencies = (
			);
			name = Japan;
			productName = Japan;
			productReference = D2088C681A8C90BF005B750F /* Japan.app */;
			productType = "com.apple.product-type.application";
		};
		D2088C831A8C90BF005B750F /* JapanTests */ = {
			isa = PBXNativeTarget;
			buildConfigurationList = D2088C911A8C90BF005B750F /* Build configuration list for PBXNativeTarget "JapanTests" */;
			buildPhases = (
				D2088C801A8C90BF005B750F /* Sources */,
				D2088C811A8C90BF005B750F /* Frameworks */,
				D2088C821A8C90BF005B750F /* Resources */,
			);
			buildRules = (
			);
			dependencies = (
				D2088C861A8C90BF005B750F /* PBXTargetDependency */,
			);
			name = JapanTests;
			productName = JapanTests;
			productReference = D2088C841A8C90BF005B750F /* JapanTests.xctest */;
			productType = "com.apple.product-type.bundle.unit-test";
		};
/* End PBXNativeTarget section */

/* Begin PBXProject section */
		D2088C601A8C90BF005B750F /* Project object */ = {
			isa = PBXProject;
			attributes = {
				CLASSPREFIX = LB;
				LastUpgradeCheck = 0610;
				ORGANIZATIONNAME = "i-showing";
				TargetAttributes = {
					D2088C671A8C90BF005B750F = {
						CreatedOnToolsVersion = 6.1.1;
					};
					D2088C831A8C90BF005B750F = {
						CreatedOnToolsVersion = 6.1.1;
						TestTargetID = D2088C671A8C90BF005B750F;
					};
				};
			};
			buildConfigurationList = D2088C631A8C90BF005B750F /* Build configuration list for PBXProject "Japan" */;
			compatibilityVersion = "Xcode 3.2";
			developmentRegion = English;
			hasScannedForEncodings = 0;
			knownRegions = (
				en,
				Base,
			);
			mainGroup = D2088C5F1A8C90BF005B750F;
			productRefGroup = D2088C691A8C90BF005B750F /* Products */;
			projectDirPath = "";
			projectRoot = "";
			targets = (
				D2088C671A8C90BF005B750F /* Japan */,
				D2088C831A8C90BF005B750F /* JapanTests */,
			);
		};
/* End PBXProject section */

/* Begin PBXResourcesBuildPhase section */
		D2088C661A8C90BF005B750F /* Resources */ = {
			isa = PBXResourcesBuildPhase;
			buildActionMask = 2147483647;
			files = (
				D2088CAD1A8C90F6005B750F /* Main.storyboard in Resources */,
				D2088CAC1A8C90F6005B750F /* LaunchScreen.xib in Resources */,
				D2088CAB1A8C90F6005B750F /* Images.xcassets in Resources */,
			);
			runOnlyForDeploymentPostprocessing = 0;
		};
		D2088C821A8C90BF005B750F /* Resources */ = {
			isa = PBXResourcesBuildPhase;
			buildActionMask = 2147483647;
			files = (
			);
			runOnlyForDeploymentPostprocessing = 0;
		};
/* End PBXResourcesBuildPhase section */

/* Begin PBXSourcesBuildPhase section */
		D2088C641A8C90BF005B750F /* Sources */ = {
			isa = PBXSourcesBuildPhase;
			buildActionMask = 2147483647;
			files = (
				D2088CE81A8C98DD005B750F /* UIView+Extension.m in Sources */,
				D2088CE61A8C98DD005B750F /* UIImage+image.m in Sources */,
				D2088CB41A8C92BA005B750F /* AppDelegate.m in Sources */,
				D2088CEC1A8CA167005B750F /* LBUpView.m in Sources */,
				D2088CEF1A8CA186005B750F /* LBDownView.m in Sources */,
				D2088CE71A8C98DD005B750F /* UILabel+Extension.m in Sources */,
				D2088CE01A8C98DD005B750F /* NSMutableURLRequest+MultiPartFormData.m in Sources */,
				D2088CF51A8CA233005B750F /* LBCommonButtom.m in Sources */,
				D2088CB01A8C913F005B750F /* MainviewController.m in Sources */,
				D2088CDF1A8C98DD005B750F /* NSDate+LBExtension.m in Sources */,
				D2088CE91A8C98DD005B750F /* UIView+Frame.m in Sources */,
				D2088C6E1A8C90BF005B750F /* main.m in Sources */,
				D2088CE31A8C98DD005B750F /* NSString+Helper.m in Sources */,
				D2088CE41A8C98DD005B750F /* UIBarButtonItem+Create.m in Sources */,
				D2088CC51A8C973F005B750F /* URLService.m in Sources */,
				D2088CDE1A8C98DD005B750F /* NSData+Extension.m in Sources */,
				D2088CE21A8C98DD005B750F /* NSString+Extension.m in Sources */,
				D2088CE11A8C98DD005B750F /* NSObject+Extension.m in Sources */,
			);
			runOnlyForDeploymentPostprocessing = 0;
		};
		D2088C801A8C90BF005B750F /* Sources */ = {
			isa = PBXSourcesBuildPhase;
			buildActionMask = 2147483647;
			files = (
				D2088C8B1A8C90BF005B750F /* JapanTests.m in Sources */,
			);
			runOnlyForDeploymentPostprocessing = 0;
		};
/* End PBXSourcesBuildPhase section */

/* Begin PBXTargetDependency section */
		D2088C861A8C90BF005B750F /* PBXTargetDependency */ = {
			isa = PBXTargetDependency;
			target = D2088C671A8C90BF005B750F /* Japan */;
			targetProxy = D2088C851A8C90BF005B750F /* PBXContainerItemProxy */;
		};
/* End PBXTargetDependency section */

/* Begin XCBuildConfiguration section */
		D2088C8C1A8C90BF005B750F /* Debug */ = {
			isa = XCBuildConfiguration;
			buildSettings = {
				ALWAYS_SEARCH_USER_PATHS = NO;
				CLANG_CXX_LANGUAGE_STANDARD = "gnu++0x";
				CLANG_CXX_LIBRARY = "libc++";
				CLANG_ENABLE_MODULES = YES;
				CLANG_ENABLE_OBJC_ARC = YES;
				CLANG_WARN_BOOL_CONVERSION = YES;
				CLANG_WARN_CONSTANT_CONVERSION = YES;
				CLANG_WARN_DIRECT_OBJC_ISA_USAGE = YES_ERROR;
				CLANG_WARN_EMPTY_BODY = YES;
				CLANG_WARN_ENUM_CONVERSION = YES;
				CLANG_WARN_INT_CONVERSION = YES;
				CLANG_WARN_OBJC_ROOT_CLASS = YES_ERROR;
				CLANG_WARN_UNREACHABLE_CODE = YES;
				CLANG_WARN__DUPLICATE_METHOD_MATCH = YES;
				"CODE_SIGN_IDENTITY[sdk=iphoneos*]" = "iPhone Developer";
				COPY_PHASE_STRIP = NO;
				ENABLE_STRICT_OBJC_MSGSEND = YES;
				GCC_C_LANGUAGE_STANDARD = gnu99;
				GCC_DYNAMIC_NO_PIC = NO;
				GCC_OPTIMIZATION_LEVEL = 0;
				GCC_PREPROCESSOR_DEFINITIONS = (
					"DEBUG=1",
					"$(inherited)",
				);
				GCC_SYMBOLS_PRIVATE_EXTERN = NO;
				GCC_WARN_64_TO_32_BIT_CONVERSION = YES;
				GCC_WARN_ABOUT_RETURN_TYPE = YES_ERROR;
				GCC_WARN_UNDECLARED_SELECTOR = YES;
				GCC_WARN_UNINITIALIZED_AUTOS = YES_AGGRESSIVE;
				GCC_WARN_UNUSED_FUNCTION = YES;
				GCC_WARN_UNUSED_VARIABLE = YES;
				IPHONEOS_DEPLOYMENT_TARGET = 8.1;
				MTL_ENABLE_DEBUG_INFO = YES;
				ONLY_ACTIVE_ARCH = YES;
				SDKROOT = iphoneos;
			};
			name = Debug;
		};
		D2088C8D1A8C90BF005B750F /* Release */ = {
			isa = XCBuildConfiguration;
			buildSettings = {
				ALWAYS_SEARCH_USER_PATHS = NO;
				CLANG_CXX_LANGUAGE_STANDARD = "gnu++0x";
				CLANG_CXX_LIBRARY = "libc++";
				CLANG_ENABLE_MODULES = YES;
				CLANG_ENABLE_OBJC_ARC = YES;
				CLANG_WARN_BOOL_CONVERSION = YES;
				CLANG_WARN_CONSTANT_CONVERSION = YES;
				CLANG_WARN_DIRECT_OBJC_ISA_USAGE = YES_ERROR;
				CLANG_WARN_EMPTY_BODY = YES;
				CLANG_WARN_ENUM_CONVERSION = YES;
				CLANG_WARN_INT_CONVERSION = YES;
				CLANG_WARN_OBJC_ROOT_CLASS = YES_ERROR;
				CLANG_WARN_UNREACHABLE_CODE = YES;
				CLANG_WARN__DUPLICATE_METHOD_MATCH = YES;
				"CODE_SIGN_IDENTITY[sdk=iphoneos*]" = "iPhone Developer";
				COPY_PHASE_STRIP = YES;
				ENABLE_NS_ASSERTIONS = NO;
				ENABLE_STRICT_OBJC_MSGSEND = YES;
				GCC_C_LANGUAGE_STANDARD = gnu99;
				GCC_WARN_64_TO_32_BIT_CONVERSION = YES;
				GCC_WARN_ABOUT_RETURN_TYPE = YES_ERROR;
				GCC_WARN_UNDECLARED_SELECTOR = YES;
				GCC_WARN_UNINITIALIZED_AUTOS = YES_AGGRESSIVE;
				GCC_WARN_UNUSED_FUNCTION = YES;
				GCC_WARN_UNUSED_VARIABLE = YES;
				IPHONEOS_DEPLOYMENT_TARGET = 8.1;
				MTL_ENABLE_DEBUG_INFO = NO;
				SDKROOT = iphoneos;
				VALIDATE_PRODUCT = YES;
			};
			name = Release;
		};
		D2088C8F1A8C90BF005B750F /* Debug */ = {
			isa = XCBuildConfiguration;
			buildSettings = {
				ASSETCATALOG_COMPILER_APPICON_NAME = AppIcon;
				GCC_PRECOMPILE_PREFIX_HEADER = YES;
				GCC_PREFIX_HEADER = Japan/Classes/Other/URLService/Japan.pch;
				INFOPLIST_FILE = Japan/Info.plist;
				LD_RUNPATH_SEARCH_PATHS = "$(inherited) @executable_path/Frameworks";
				PRODUCT_NAME = "$(TARGET_NAME)";
			};
			name = Debug;
		};
		D2088C901A8C90BF005B750F /* Release */ = {
			isa = XCBuildConfiguration;
			buildSettings = {
				ASSETCATALOG_COMPILER_APPICON_NAME = AppIcon;
				GCC_PRECOMPILE_PREFIX_HEADER = YES;
				GCC_PREFIX_HEADER = Japan/Classes/Other/URLService/Japan.pch;
				INFOPLIST_FILE = Japan/Info.plist;
				LD_RUNPATH_SEARCH_PATHS = "$(inherited) @executable_path/Frameworks";
				PRODUCT_NAME = "$(TARGET_NAME)";
			};
			name = Release;
		};
		D2088C921A8C90BF005B750F /* Debug */ = {
			isa = XCBuildConfiguration;
			buildSettings = {
				BUNDLE_LOADER = "$(TEST_HOST)";
				FRAMEWORK_SEARCH_PATHS = (
					"$(SDKROOT)/Developer/Library/Frameworks",
					"$(inherited)",
				);
				GCC_PREPROCESSOR_DEFINITIONS = (
					"DEBUG=1",
					"$(inherited)",
				);
				INFOPLIST_FILE = JapanTests/Info.plist;
				LD_RUNPATH_SEARCH_PATHS = "$(inherited) @executable_path/Frameworks @loader_path/Frameworks";
				PRODUCT_NAME = "$(TARGET_NAME)";
				TEST_HOST = "$(BUILT_PRODUCTS_DIR)/Japan.app/Japan";
			};
			name = Debug;
		};
		D2088C931A8C90BF005B750F /* Release */ = {
			isa = XCBuildConfiguration;
			buildSettings = {
				BUNDLE_LOADER = "$(TEST_HOST)";
				FRAMEWORK_SEARCH_PATHS = (
					"$(SDKROOT)/Developer/Library/Frameworks",
					"$(inherited)",
				);
				INFOPLIST_FILE = JapanTests/Info.plist;
				LD_RUNPATH_SEARCH_PATHS = "$(inherited) @executable_path/Frameworks @loader_path/Frameworks";
				PRODUCT_NAME = "$(TARGET_NAME)";
				TEST_HOST = "$(BUILT_PRODUCTS_DIR)/Japan.app/Japan";
			};
			name = Release;
		};
/* End XCBuildConfiguration section */

/* Begin XCConfigurationList section */
		D2088C631A8C90BF005B750F /* Build configuration list for PBXProject "Japan" */ = {
			isa = XCConfigurationList;
			buildConfigurations = (
				D2088C8C1A8C90BF005B750F /* Debug */,
				D2088C8D1A8C90BF005B750F /* Release */,
			);
			defaultConfigurationIsVisible = 0;
			defaultConfigurationName = Release;
		};
		D2088C8E1A8C90BF005B750F /* Build configuration list for PBXNativeTarget "Japan" */ = {
			isa = XCConfigurationList;
			buildConfigurations = (
				D2088C8F1A8C90BF005B750F /* Debug */,
				D2088C901A8C90BF005B750F /* Release */,
			);
			defaultConfigurationIsVisible = 0;
		};
		D2088C911A8C90BF005B750F /* Build configuration list for PBXNativeTarget "JapanTests" */ = {
			isa = XCConfigurationList;
			buildConfigurations = (
				D2088C921A8C90BF005B750F /* Debug */,
				D2088C931A8C90BF005B750F /* Release */,
			);
			defaultConfigurationIsVisible = 0;
		};
/* End XCConfigurationList section */
	};
	rootObject = D2088C601A8C90BF005B750F /* Project object */;
}
